lockfileVersion: '9.0'

settings:
  autoInstallPeers: true
  excludeLinksFromLockfile: false

overrides:
  '@parcel/watcher': 2.5.6
  esbuild: 0.21.5
  svelte-preprocess: 5.1.4

importers:

  .:
    dependencies:
      '@wailsio/runtime':
        specifier: 3.0.0-alpha.79
        version: 3.0.0-alpha.79
      yaml:
        specifier: 2.9.0
        version: 2.9.0
    devDependencies:
      '@sveltejs/vite-plugin-svelte':
        specifier: 3.1.2
        version: 3.1.2(svelte@4.2.20)(vite@5.4.21(@types/node@25.6.0)(sass@1.99.0))
      '@tsconfig/svelte':
        specifier: 5.0.8
        version: 5.0.8
      '@types/node':
        specifier: 25.6.0
        version: 25.6.0
      sass:
        specifier: 1.99.0
        version: 1.99.0
      svelte:
        specifier: 4.2.20
        version: 4.2.20
      svelte-check:
        specifier: 3.8.6
        version: 3.8.6(postcss@8.5.10)(sass@1.99.0)(svelte@4.2.20)
      tslib:
        specifier: 2.8.1
        version: 2.8.1
      typescript:
        specifier: 5.9.3
        version: 5.9.3
      vite:
        specifier: 5.4.21
        version: 5.4.21(@types/node@25.6.0)(sass@1.99.0)

packages:

  '@ampproject/remapping@2.3.0':
    resolution: {integrity: sha512-30iZtAPgz+LTIYoeivqYo853f02jBYSd5uGnGpkFV0M3xOt9aN73erkgYAmZU43x4VfqcnLxW9Kpg3R5LC4YYw==}
    engines: {node: '>=6.0.0'}

  '@esbuild/aix-ppc64@0.21.5':
    resolution: {integrity: sha512-1SDgH6ZSPTlggy1yI6+Dbkiz8xzpHJEVAlF/AM1tHPLsf5STom9rwtjE4hKAF20FfXXNTFqEYXyJNWh1GiZedQ==}
    engines: {node: '>=12'}
    cpu: [ppc64]
    os: [aix]

  '@esbuild/android-arm64@0.21.5':
    resolution: {integrity: sha512-c0uX9VAUBQ7dTDCjq+wdyGLowMdtR/GoC2U5IYk/7D1H1JYC0qseD7+11iMP2mRLN9RcCMRcjC4YMclCzGwS/A==}
    engines: {node: '>=12'}
    cpu: [arm64]
    os: [android]

  '@esbuild/android-arm@0.21.5':
    resolution: {integrity: sha512-vCPvzSjpPHEi1siZdlvAlsPxXl7WbOVUBBAowWug4rJHb68Ox8KualB+1ocNvT5fjv6wpkX6o/iEpbDrf68zcg==}
    engines: {node: '>=12'}
    cpu: [arm]
    os: [android]

  '@esbuild/android-x64@0.21.5':
    resolution: {integrity: sha512-D7aPRUUNHRBwHxzxRvp856rjUHRFW1SdQATKXH2hqA0kAZb1hKmi02OpYRacl0TxIGz/ZmXWlbZgjwWYaCakTA==}
    engines: {node: '>=12'}
    cpu: [x64]
    os: [android]

  '@esbuild/darwin-arm64@0.21.5':
    resolution: {integrity: sha512-DwqXqZyuk5AiWWf3UfLiRDJ5EDd49zg6O9wclZ7kUMv2WRFr4HKjXp/5t8JZ11QbQfUS6/cRCKGwYhtNAY88kQ==}
    engines: {node: '>=12'}
    cpu: [arm64]
    os: [darwin]

  '@esbuild/darwin-x64@0.21.5':
    resolution: {integrity: sha512-se/JjF8NlmKVG4kNIuyWMV/22ZaerB+qaSi5MdrXtd6R08kvs2qCN4C09miupktDitvh8jRFflwGFBQcxZRjbw==}
    engines: {node: '>=12'}
    cpu: [x64]
    os: [darwin]

  '@esbuild/freebsd-arm64@0.21.5':
    resolution: {integrity: sha512-5JcRxxRDUJLX8JXp/wcBCy3pENnCgBR9bN6JsY4OmhfUtIHe3ZW0mawA7+RDAcMLrMIZaf03NlQiX9DGyB8h4g==}
    engines: {node: '>=12'}
    cpu: [arm64]
    os: [freebsd]

  '@esbuild/freebsd-x64@0.21.5':
    resolution: {integrity: sha512-J95kNBj1zkbMXtHVH29bBriQygMXqoVQOQYA+ISs0/2l3T9/kj42ow2mpqerRBxDJnmkUDCaQT/dfNXWX/ZZCQ==}
    engines: {node: '>=12'}
    cpu: [x64]
    os: [freebsd]

  '@esbuild/linux-arm64@0.21.5':
    resolution: {integrity: sha512-ibKvmyYzKsBeX8d8I7MH/TMfWDXBF3db4qM6sy+7re0YXya+K1cem3on9XgdT2EQGMu4hQyZhan7TeQ8XkGp4Q==}
    engines: {node: '>=12'}
    cpu: [arm64]
    os: [linux]

  '@esbuild/linux-arm@0.21.5':
    resolution: {integrity: sha512-bPb5AHZtbeNGjCKVZ9UGqGwo8EUu4cLq68E95A53KlxAPRmUyYv2D6F0uUI65XisGOL1hBP5mTronbgo+0bFcA==}
    engines: {node: '>=12'}
    cpu: [arm]
    os: [linux]

  '@esbuild/linux-ia32@0.21.5':
    resolution: {integrity: sha512-YvjXDqLRqPDl2dvRODYmmhz4rPeVKYvppfGYKSNGdyZkA01046pLWyRKKI3ax8fbJoK5QbxblURkwK/MWY18Tg==}
    engines: {node: '>=12'}
    cpu: [ia32]
    os: [linux]

  '@esbuild/linux-loong64@0.21.5':
    resolution: {integrity: sha512-uHf1BmMG8qEvzdrzAqg2SIG/02+4/DHB6a9Kbya0XDvwDEKCoC8ZRWI5JJvNdUjtciBGFQ5PuBlpEOXQj+JQSg==}
    engines: {node: '>=12'}
    cpu: [loong64]
    os: [linux]

  '@esbuild/linux-mips64el@0.21.5':
    resolution: {integrity: sha512-IajOmO+KJK23bj52dFSNCMsz1QP1DqM6cwLUv3W1QwyxkyIWecfafnI555fvSGqEKwjMXVLokcV5ygHW5b3Jbg==}
    engines: {node: '>=12'}
    cpu: [mips64el]
    os: [linux]

  '@esbuild/linux-ppc64@0.21.5':
    resolution: {integrity: sha512-1hHV/Z4OEfMwpLO8rp7CvlhBDnjsC3CttJXIhBi+5Aj5r+MBvy4egg7wCbe//hSsT+RvDAG7s81tAvpL2XAE4w==}
    engines: {node: '>=12'}
    cpu: [ppc64]
    os: [linux]

  '@esbuild/linux-riscv64@0.21.5':
    resolution: {integrity: sha512-2HdXDMd9GMgTGrPWnJzP2ALSokE/0O5HhTUvWIbD3YdjME8JwvSCnNGBnTThKGEB91OZhzrJ4qIIxk/SBmyDDA==}
    engines: {node: '>=12'}
    cpu: [riscv64]
    os: [linux]

  '@esbuild/linux-s390x@0.21.5':
    resolution: {integrity: sha512-zus5sxzqBJD3eXxwvjN1yQkRepANgxE9lgOW2qLnmr8ikMTphkjgXu1HR01K4FJg8h1kEEDAqDcZQtbrRnB41A==}
    engines: {node: '>=12'}
    cpu: [s390x]
    os: [linux]

  '@esbuild/linux-x64@0.21.5':
    resolution: {integrity: sha512-1rYdTpyv03iycF1+BhzrzQJCdOuAOtaqHTWJZCWvijKD2N5Xu0TtVC8/+1faWqcP9iBCWOmjmhoH94dH82BxPQ==}
    engines: {node: '>=12'}
    cpu: [x64]
    os: [linux]

  '@esbuild/netbsd-x64@0.21.5':
    resolution: {integrity: sha512-Woi2MXzXjMULccIwMnLciyZH4nCIMpWQAs049KEeMvOcNADVxo0UBIQPfSmxB3CWKedngg7sWZdLvLczpe0tLg==}
    engines: {node: '>=12'}
    cpu: [x64]
    os: [netbsd]

  '@esbuild/openbsd-x64@0.21.5':
    resolution: {integrity: sha512-HLNNw99xsvx12lFBUwoT8EVCsSvRNDVxNpjZ7bPn947b8gJPzeHWyNVhFsaerc0n3TsbOINvRP2byTZ5LKezow==}
    engines: {node: '>=12'}
    cpu: [x64]
    os: [openbsd]

  '@esbuild/sunos-x64@0.21.5':
    resolution: {integrity: sha512-6+gjmFpfy0BHU5Tpptkuh8+uw3mnrvgs+dSPQXQOv3ekbordwnzTVEb4qnIvQcYXq6gzkyTnoZ9dZG+D4garKg==}
    engines: {node: '>=12'}
    cpu: [x64]
    os: [sunos]

  '@esbuild/win32-arm64@0.21.5':
    resolution: {integrity: sha512-Z0gOTd75VvXqyq7nsl93zwahcTROgqvuAcYDUr+vOv8uHhNSKROyU961kgtCD1e95IqPKSQKH7tBTslnS3tA8A==}
    engines: {node: '>=12'}
    cpu: [arm64]
    os: [win32]

  '@esbuild/win32-ia32@0.21.5':
    resolution: {integrity: sha512-SWXFF1CL2RVNMaVs+BBClwtfZSvDgtL//G/smwAc5oVK/UPu2Gu9tIaRgFmYFFKrmg3SyAjSrElf0TiJ1v8fYA==}
    engines: {node: '>=12'}
    cpu: [ia32]
    os: [win32]

  '@esbuild/win32-x64@0.21.5':
    resolution: {integrity: sha512-tQd/1efJuzPC6rCFwEvLtci/xNFcTZknmXs98FYDfGE4wP9ClFV98nyKrzJKVPMhdDnjzLhdUyMX4PsQAPjwIw==}
    engines: {node: '>=12'}
    cpu: [x64]
    os: [win32]

  '@jridgewell/gen-mapping@0.3.13':
    resolution: {integrity: sha512-2kkt/7niJ6MgEPxF0bYdQ6etZaA+fQvDcLKckhy1yIQOzaoKjBBjSj63/aLVjYE3qhRt5dvM+uUyfCg6UKCBbA==}

  '@jridgewell/resolve-uri@3.1.2':
    resolution: {integrity: sha512-bRISgCIjP20/tbWSPWMEi54QVPRZExkuD9lJL+UIxUKtwVJA8wW1Trb1jMs1RFXo1CBTNZ/5hpC9QvmKWdopKw==}
    engines: {node: '>=6.0.0'}

  '@jridgewell/sourcemap-codec@1.5.5':
    resolution: {integrity: sha512-cYQ9310grqxueWbl+WuIUIaiUaDcj7WOq5fVhEljNVgRfOUhY9fy2zTvfoqWsnebh8Sl70VScFbICvJnLKB0Og==}

  '@jridgewell/trace-mapping@0.3.31':
    resolution: {integrity: sha512-zzNR+SdQSDJzc8joaeP8QQoCQr8NuYx2dIIytl1QeBEZHJ9uW6hebsrYgbz8hJwUQao3TWCMtmfV8Nu1twOLAw==}

  '@parcel/watcher-android-arm64@2.5.6':
    resolution: {integrity: sha512-YQxSS34tPF/6ZG7r/Ih9xy+kP/WwediEUsqmtf0cuCV5TPPKw/PQHRhueUo6JdeFJaqV3pyjm0GdYjZotbRt/A==}
    engines: {node: '>= 10.0.0'}
    cpu: [arm64]
    os: [android]

  '@parcel/watcher-darwin-arm64@2.5.6':
    resolution: {integrity: sha512-Z2ZdrnwyXvvvdtRHLmM4knydIdU9adO3D4n/0cVipF3rRiwP+3/sfzpAwA/qKFL6i1ModaabkU7IbpeMBgiVEA==}
    engines: {node: '>= 10.0.0'}
    cpu: [arm64]
    os: [darwin]

  '@parcel/watcher-darwin-x64@2.5.6':
    resolution: {integrity: sha512-HgvOf3W9dhithcwOWX9uDZyn1lW9R+7tPZ4sug+NGrGIo4Rk1hAXLEbcH1TQSqxts0NYXXlOWqVpvS1SFS4fRg==}
    engines: {node: '>= 10.0.0'}
    cpu: [x64]
    os: [darwin]

  '@parcel/watcher-freebsd-x64@2.5.6':
    resolution: {integrity: sha512-vJVi8yd/qzJxEKHkeemh7w3YAn6RJCtYlE4HPMoVnCpIXEzSrxErBW5SJBgKLbXU3WdIpkjBTeUNtyBVn8TRng==}
    engines: {node: '>= 10.0.0'}
    cpu: [x64]
    os: [freebsd]

  '@parcel/watcher-linux-arm-glibc@2.5.6':
    resolution: {integrity: sha512-9JiYfB6h6BgV50CCfasfLf/uvOcJskMSwcdH1PHH9rvS1IrNy8zad6IUVPVUfmXr+u+Km9IxcfMLzgdOudz9EQ==}
    engines: {node: '>= 10.0.0'}
    cpu: [arm]
    os: [linux]
    libc: [glibc]

  '@parcel/watcher-linux-arm-musl@2.5.6':
    resolution: {integrity: sha512-Ve3gUCG57nuUUSyjBq/MAM0CzArtuIOxsBdQ+ftz6ho8n7s1i9E1Nmk/xmP323r2YL0SONs1EuwqBp2u1k5fxg==}
    engines: {node: '>= 10.0.0'}
    cpu: [arm]
    os: [linux]
    libc: [musl]

  '@parcel/watcher-linux-arm64-glibc@2.5.6':
    resolution: {integrity: sha512-f2g/DT3NhGPdBmMWYoxixqYr3v/UXcmLOYy16Bx0TM20Tchduwr4EaCbmxh1321TABqPGDpS8D/ggOTaljijOA==}
    engines: {node: '>= 10.0.0'}
    cpu: [arm64]
    os: [linux]
    libc: [glibc]

  '@parcel/watcher-linux-arm64-musl@2.5.6':
    resolution: {integrity: sha512-qb6naMDGlbCwdhLj6hgoVKJl2odL34z2sqkC7Z6kzir8b5W65WYDpLB6R06KabvZdgoHI/zxke4b3zR0wAbDTA==}
    engines: {node: '>= 10.0.0'}
    cpu: [arm64]
    os: [linux]
    libc: [musl]

  '@parcel/watcher-linux-x64-glibc@2.5.6':
    resolution: {integrity: sha512-kbT5wvNQlx7NaGjzPFu8nVIW1rWqV780O7ZtkjuWaPUgpv2NMFpjYERVi0UYj1msZNyCzGlaCWEtzc+exjMGbQ==}
    engines: {node: '>= 10.0.0'}
    cpu: [x64]
    os: [linux]
    libc: [glibc]

  '@parcel/watcher-linux-x64-musl@2.5.6':
    resolution: {integrity: sha512-1JRFeC+h7RdXwldHzTsmdtYR/Ku8SylLgTU/reMuqdVD7CtLwf0VR1FqeprZ0eHQkO0vqsbvFLXUmYm/uNKJBg==}
    engines: {node: '>= 10.0.0'}
    cpu: [x64]
    os: [linux]
    libc: [musl]

  '@parcel/watcher-win32-arm64@2.5.6':
    resolution: {integrity: sha512-3ukyebjc6eGlw9yRt678DxVF7rjXatWiHvTXqphZLvo7aC5NdEgFufVwjFfY51ijYEWpXbqF5jtrK275z52D4Q==}
    engines: {node: '>= 10.0.0'}
    cpu: [arm64]
    os: [win32]

  '@parcel/watcher-win32-ia32@2.5.6':
    resolution: {integrity: sha512-k35yLp1ZMwwee3Ez/pxBi5cf4AoBKYXj00CZ80jUz5h8prpiaQsiRPKQMxoLstNuqe2vR4RNPEAEcjEFzhEz/g==}
    engines: {node: '>= 10.0.0'}
    cpu: [ia32]
    os: [win32]

  '@parcel/watcher-win32-x64@2.5.6':
    resolution: {integrity: sha512-hbQlYcCq5dlAX9Qx+kFb0FHue6vbjlf0FrNzSKdYK2APUf7tGfGxQCk2ihEREmbR6ZMc0MVAD5RIX/41gpUzTw==}
    engines: {node: '>= 10.0.0'}
    cpu: [x64]
    os: [win32]

  '@parcel/watcher@2.5.6':
    resolution: {integrity: sha512-tmmZ3lQxAe/k/+rNnXQRawJ4NjxO2hqiOLTHvWchtGZULp4RyFeh6aU4XdOYBFe2KE1oShQTv4AblOs2iOrNnQ==}
    engines: {node: '>= 10.0.0'}

  '@rollup/rollup-android-arm-eabi@4.60.1':
    resolution: {integrity: sha512-d6FinEBLdIiK+1uACUttJKfgZREXrF0Qc2SmLII7W2AD8FfiZ9Wjd+rD/iRuf5s5dWrr1GgwXCvPqOuDquOowA==}
    cpu: [arm]
    os: [android]

  '@rollup/rollup-android-arm64@4.60.1':
    resolution: {integrity: sha512-YjG/EwIDvvYI1YvYbHvDz/BYHtkY4ygUIXHnTdLhG+hKIQFBiosfWiACWortsKPKU/+dUwQQCKQM3qrDe8c9BA==}
    cpu: [arm64]
    os: [android]

  '@rollup/rollup-darwin-arm64@4.60.1':
    resolution: {integrity: sha512-mjCpF7GmkRtSJwon+Rq1N8+pI+8l7w5g9Z3vWj4T7abguC4Czwi3Yu/pFaLvA3TTeMVjnu3ctigusqWUfjZzvw==}
    cpu: [arm64]
    os: [darwin]

  '@rollup/rollup-darwin-x64@4.60.1':
    resolution: {integrity: sha512-haZ7hJ1JT4e9hqkoT9R/19XW2QKqjfJVv+i5AGg57S+nLk9lQnJ1F/eZloRO3o9Scy9CM3wQ9l+dkXtcBgN5Ew==}
    cpu: [x64]
    os: [darwin]

  '@rollup/rollup-freebsd-arm64@4.60.1':
    resolution: {integrity: sha512-czw90wpQq3ZsAVBlinZjAYTKduOjTywlG7fEeWKUA7oCmpA8xdTkxZZlwNJKWqILlq0wehoZcJYfBvOyhPTQ6w==}
    cpu: [arm64]
    os: [freebsd]

  '@rollup/rollup-freebsd-x64@4.60.1':
    resolution: {integrity: sha512-KVB2rqsxTHuBtfOeySEyzEOB7ltlB/ux38iu2rBQzkjbwRVlkhAGIEDiiYnO2kFOkJp+Z7pUXKyrRRFuFUKt+g==}
    cpu: [x64]
    os: [freebsd]

  '@rollup/rollup-linux-arm-gnueabihf@4.60.1':
    resolution: {integrity: sha512-L+34Qqil+v5uC0zEubW7uByo78WOCIrBvci69E7sFASRl0X7b/MB6Cqd1lky/CtcSVTydWa2WZwFuWexjS5o6g==}
    cpu: [arm]
    os: [linux]
    libc: [glibc]

  '@rollup/rollup-linux-arm-musleabihf@4.60.1':
    resolution: {integrity: sha512-n83O8rt4v34hgFzlkb1ycniJh7IR5RCIqt6mz1VRJD6pmhRi0CXdmfnLu9dIUS6buzh60IvACM842Ffb3xd6Gg==}
    cpu: [arm]
    os: [linux]
    libc: [musl]

  '@rollup/rollup-linux-arm64-gnu@4.60.1':
    resolution: {integrity: sha512-Nql7sTeAzhTAja3QXeAI48+/+GjBJ+QmAH13snn0AJSNL50JsDqotyudHyMbO2RbJkskbMbFJfIJKWA6R1LCJQ==}
    cpu: [arm64]
    os: [linux]
    libc: [glibc]

  '@rollup/rollup-linux-arm64-musl@4.60.1':
    resolution: {integrity: sha512-+pUymDhd0ys9GcKZPPWlFiZ67sTWV5UU6zOJat02M1+PiuSGDziyRuI/pPue3hoUwm2uGfxdL+trT6Z9rxnlMA==}
    cpu: [arm64]
    os: [linux]
    libc: [musl]

  '@rollup/rollup-linux-loong64-gnu@4.60.1':
    resolution: {integrity: sha512-VSvgvQeIcsEvY4bKDHEDWcpW4Yw7BtlKG1GUT4FzBUlEKQK0rWHYBqQt6Fm2taXS+1bXvJT6kICu5ZwqKCnvlQ==}
    cpu: [loong64]
    os: [linux]
    libc: [glibc]

  '@rollup/rollup-linux-loong64-musl@4.60.1':
    resolution: {integrity: sha512-4LqhUomJqwe641gsPp6xLfhqWMbQV04KtPp7/dIp0nzPxAkNY1AbwL5W0MQpcalLYk07vaW9Kp1PBhdpZYYcEw==}
    cpu: [loong64]
    os: [linux]
    libc: [musl]

  '@rollup/rollup-linux-ppc64-gnu@4.60.1':
    resolution: {integrity: sha512-tLQQ9aPvkBxOc/EUT6j3pyeMD6Hb8QF2BTBnCQWP/uu1lhc9AIrIjKnLYMEroIz/JvtGYgI9dF3AxHZNaEH0rw==}
    cpu: [ppc64]
    os: [linux]
    libc: [glibc]

  '@rollup/rollup-linux-ppc64-musl@4.60.1':
    resolution: {integrity: sha512-RMxFhJwc9fSXP6PqmAz4cbv3kAyvD1etJFjTx4ONqFP9DkTkXsAMU4v3Vyc5BgzC+anz7nS/9tp4obsKfqkDHg==}
    cpu: [ppc64]
    os: [linux]
    libc: [musl]

  '@rollup/rollup-linux-riscv64-gnu@4.60.1':
    resolution: {integrity: sha512-QKgFl+Yc1eEk6MmOBfRHYF6lTxiiiV3/z/BRrbSiW2I7AFTXoBFvdMEyglohPj//2mZS4hDOqeB0H1ACh3sBbg==}
    cpu: [riscv64]
    os: [linux]
    libc: [glibc]

  '@rollup/rollup-linux-riscv64-musl@4.60.1':
    resolution: {integrity: sha512-RAjXjP/8c6ZtzatZcA1RaQr6O1TRhzC+adn8YZDnChliZHviqIjmvFwHcxi4JKPSDAt6Uhf/7vqcBzQJy0PDJg==}
    cpu: [riscv64]
    os: [linux]
    libc: [musl]

  '@rollup/rollup-linux-s390x-gnu@4.60.1':
    resolution: {integrity: sha512-wcuocpaOlaL1COBYiA89O6yfjlp3RwKDeTIA0hM7OpmhR1Bjo9j31G1uQVpDlTvwxGn2nQs65fBFL5UFd76FcQ==}
    cpu: [s390x]
    os: [linux]
    libc: [glibc]

  '@rollup/rollup-linux-x64-gnu@4.60.1':
    resolution: {integrity: sha512-77PpsFQUCOiZR9+LQEFg9GClyfkNXj1MP6wRnzYs0EeWbPcHs02AXu4xuUbM1zhwn3wqaizle3AEYg5aeoohhg==}
    cpu: [x64]
    os: [linux]
    libc: [glibc]

  '@rollup/rollup-linux-x64-musl@4.60.1':
    resolution: {integrity: sha512-5cIATbk5vynAjqqmyBjlciMJl1+R/CwX9oLk/EyiFXDWd95KpHdrOJT//rnUl4cUcskrd0jCCw3wpZnhIHdD9w==}
    cpu: [x64]
    os: [linux]
    libc: [musl]

  '@rollup/rollup-openbsd-x64@4.60.1':
    resolution: {integrity: sha512-cl0w09WsCi17mcmWqqglez9Gk8isgeWvoUZ3WiJFYSR3zjBQc2J5/ihSjpl+VLjPqjQ/1hJRcqBfLjssREQILw==}
    cpu: [x64]
    os: [openbsd]

  '@rollup/rollup-openharmony-arm64@4.60.1':
    resolution: {integrity: sha512-4Cv23ZrONRbNtbZa37mLSueXUCtN7MXccChtKpUnQNgF010rjrjfHx3QxkS2PI7LqGT5xXyYs1a7LbzAwT0iCA==}
    cpu: [arm64]
    os: [openharmony]

  '@rollup/rollup-win32-arm64-msvc@4.60.1':
    resolution: {integrity: sha512-i1okWYkA4FJICtr7KpYzFpRTHgy5jdDbZiWfvny21iIKky5YExiDXP+zbXzm3dUcFpkEeYNHgQ5fuG236JPq0g==}
    cpu: [arm64]
    os: [win32]

  '@rollup/rollup-win32-ia32-msvc@4.60.1':
    resolution: {integrity: sha512-u09m3CuwLzShA0EYKMNiFgcjjzwqtUMLmuCJLeZWjjOYA3IT2Di09KaxGBTP9xVztWyIWjVdsB2E9goMjZvTQg==}
    cpu: [ia32]
    os: [win32]

  '@rollup/rollup-win32-x64-gnu@4.60.1':
    resolution: {integrity: sha512-k+600V9Zl1CM7eZxJgMyTUzmrmhB/0XZnF4pRypKAlAgxmedUA+1v9R+XOFv56W4SlHEzfeMtzujLJD22Uz5zg==}
    cpu: [x64]
    os: [win32]

  '@rollup/rollup-win32-x64-msvc@4.60.1':
    resolution: {integrity: sha512-lWMnixq/QzxyhTV6NjQJ4SFo1J6PvOX8vUx5Wb4bBPsEb+8xZ89Bz6kOXpfXj9ak9AHTQVQzlgzBEc1SyM27xQ==}
    cpu: [x64]
    os: [win32]

  '@sveltejs/vite-plugin-svelte-inspector@2.1.0':
    resolution: {integrity: sha512-9QX28IymvBlSCqsCll5t0kQVxipsfhFFL+L2t3nTWfXnddYwxBuAEtTtlaVQpRz9c37BhJjltSeY4AJSC03SSg==}
    engines: {node: ^18.0.0 || >=20}
    peerDependencies:
      '@sveltejs/vite-plugin-svelte': ^3.0.0
      svelte: ^4.0.0 || ^5.0.0-next.0
      vite: ^5.0.0

  '@sveltejs/vite-plugin-svelte@3.1.2':
    resolution: {integrity: sha512-Txsm1tJvtiYeLUVRNqxZGKR/mI+CzuIQuc2gn+YCs9rMTowpNZ2Nqt53JdL8KF9bLhAf2ruR/dr9eZCwdTriRA==}
    engines: {node: ^18.0.0 || >=20}
    peerDependencies:
      svelte: ^4.0.0 || ^5.0.0-next.0
      vite: ^5.0.0

  '@tsconfig/svelte@5.0.8':
    resolution: {integrity: sha512-UkNnw1/oFEfecR8ypyHIQuWYdkPvHiwcQ78sh+ymIiYoF+uc5H1UBetbjyqT+vgGJ3qQN6nhucJviX6HesWtKQ==}

  '@types/estree@1.0.8':
    resolution: {integrity: sha512-dWHzHa2WqEXI/O1E9OjrocMTKJl2mSrEolh1Iomrv6U+JuNwaHXsXx9bLu5gG7BUWFIN0skIQJQ/L1rIex4X6w==}

  '@types/node@25.6.0':
    resolution: {integrity: sha512-+qIYRKdNYJwY3vRCZMdJbPLJAtGjQBudzZzdzwQYkEPQd+PJGixUL5QfvCLDaULoLv+RhT3LDkwEfKaAkgSmNQ==}

  '@types/pug@2.0.10':
    resolution: {integrity: sha512-Sk/uYFOBAB7mb74XcpizmH0KOR2Pv3D2Hmrh1Dmy5BmK3MpdSa5kqZcg6EKBdklU0bFXX9gCfzvpnyUehrPIuA==}

  '@wailsio/runtime@3.0.0-alpha.79':
    resolution: {integrity: sha512-NITzxKmJsMEruc39L166lbPJVECxzcbdqpHVqOOF7Cu/7Zqk/e3B/gNpkUjhNyo5rVb3V1wpS8oEgLUmpu1cwA==}

  acorn@8.16.0:
    resolution: {integrity: sha512-UVJyE9MttOsBQIDKw1skb9nAwQuR5wuGD3+82K6JgJlm/Y+KI92oNsMNGZCYdDsVtRHSak0pcV5Dno5+4jh9sw==}
    engines: {node: '>=0.4.0'}
    hasBin: true

  anymatch@3.1.3:
    resolution: {integrity: sha512-KMReFUr0B4t+D+OBkjR3KYqvocp2XaSzO55UcB6mgQMd3KbcE+mWTyvVV7D/zsdEbNnV6acZUutkiHQXvTr1Rw==}
    engines: {node: '>= 8'}

  aria-query@5.3.2:
    resolution: {integrity: sha512-COROpnaoap1E2F000S62r6A60uHZnmlvomhfyT2DlTcrY1OrBKn2UhH7qn5wTC9zMvD0AY7csdPSNwKP+7WiQw==}
    engines: {node: '>= 0.4'}

  axobject-query@4.1.0:
    resolution: {integrity: sha512-qIj0G9wZbMGNLjLmg1PT6v2mE9AH2zlnADJD/2tC6E00hgmhUOfEB6greHPAfLRSufHqROIUTkw6E+M3lH0PTQ==}
    engines: {node: '>= 0.4'}

  balanced-match@1.0.2:
    resolution: {integrity: sha512-3oSeUO0TMV67hN1AmbXsK4yaqU7tjiHlbxRDZOpH0KW9+CeX4bRAaX0Anxt0tx2MrpRpWwQaPwIlISEJhYU5Pw==}

  binary-extensions@2.3.0:
    resolution: {integrity: sha512-Ceh+7ox5qe7LJuLHoY0feh3pHuUDHAcRUeyL2VYghZwfpkNIy/+8Ocg0a3UuSoYzavmylwuLWQOf3hl0jjMMIw==}
    engines: {node: '>=8'}

  brace-expansion@1.1.14:
    resolution: {integrity: sha512-MWPGfDxnyzKU7rNOW9SP/c50vi3xrmrua/+6hfPbCS2ABNWfx24vPidzvC7krjU/RTo235sV776ymlsMtGKj8g==}

  braces@3.0.3:
    resolution: {integrity: sha512-yQbXgO/OSZVD2IsiLlro+7Hf6Q18EJrKSEsdoMzKePKXct3gvD8oLcOQdIzGupr5Fj+EDe8gO/lxc1BzfMpxvA==}
    engines: {node: '>=8'}

  buffer-crc32@1.0.0:
    resolution: {integrity: sha512-Db1SbgBS/fg/392AblrMJk97KggmvYhr4pB5ZIMTWtaivCPMWLkmb7m21cJvpvgK+J3nsU2CmmixNBZx4vFj/w==}
    engines: {node: '>=8.0.0'}

  chokidar@3.6.0:
    resolution: {integrity: sha512-7VT13fmjotKpGipCW9JEQAusEPE+Ei8nl6/g4FBAmIm0GOOLMua9NDDo/DWp0ZAxCr3cPq5ZpBqmPAQgDda2Pw==}
    engines: {node: '>= 8.10.0'}

  chokidar@4.0.3:
    resolution: {integrity: sha512-Qgzu8kfBvo+cA4962jnP1KkS6Dop5NS6g7R5LFYJr4b8Ub94PPQXUksCw9PvXoeXPRRddRNC5C1JQUR2SMGtnA==}
    engines: {node: '>= 14.16.0'}

  code-red@1.0.4:
    resolution: {integrity: sha512-7qJWqItLA8/VPVlKJlFXU+NBlo/qyfs39aJcuMT/2ere32ZqvF5OSxgdM5xOfJJ7O429gg2HM47y8v9P+9wrNw==}

  concat-map@0.0.1:
    resolution: {integrity: sha512-/Srv4dswyQNBfohGpz9o6Yb3Gz3SrUDqBH5rTuhGR7ahtlbYKnVxw2bCFMRljaA7EXHaXZ8wsHdodFvbkhKmqg==}

  css-tree@2.3.1:
    resolution: {integrity: sha512-6Fv1DV/TYw//QF5IzQdqsNDjx/wc8TrMBZsqjL9eW01tWb7R7k/mq+/VXfJCl7SoD5emsJop9cOByJZfs8hYIw==}
    engines: {node: ^10 || ^12.20.0 || ^14.13.0 || >=15.0.0}

  debug@4.4.3:
    resolution: {integrity: sha512-RGwwWnwQvkVfavKVt22FGLw+xYSdzARwm0ru6DhTVA3umU5hZc28V3kO4stgYryrTlLpuvgI9GiijltAjNbcqA==}
    engines: {node: '>=6.0'}
    peerDependencies:
      supports-color: '*'
    peerDependenciesMeta:
      supports-color:
        optional: true

  deepmerge@4.3.1:
    resolution: {integrity: sha512-3sUqbMEc77XqpdNO7FRyRog+eW3ph+GYCbj+rK+uYyRMuwsVy0rMiVtPn+QJlKFvWP/1PYpapqYn0Me2knFn+A==}
    engines: {node: '>=0.10.0'}

  detect-indent@6.1.0:
    resolution: {integrity: sha512-reYkTUJAZb9gUuZ2RvVCNhVHdg62RHnJ7WJl8ftMi4diZ6NWlciOzQN88pUhSELEwflJht4oQDv0F0BMlwaYtA==}
    engines: {node: '>=8'}

  detect-libc@2.1.2:
    resolution: {integrity: sha512-Btj2BOOO83o3WyH59e8MgXsxEQVcarkUOpEYrubB0urwnN10yQ364rsiByU11nZlqWYZm05i/of7io4mzihBtQ==}
    engines: {node: '>=8'}

  es6-promise@3.3.1:
    resolution: {integrity: sha512-SOp9Phqvqn7jtEUxPWdWfWoLmyt2VaJ6MpvP9Comy1MceMXqE6bxvaTu4iaxpYYPzhny28Lc+M87/c2cPK6lDg==}

  esbuild@0.21.5:
    resolution: {integrity: sha512-mg3OPMV4hXywwpoDxu3Qda5xCKQi+vCTZq8S9J/EpkhB2HzKXq4SNFZE3+NK93JYxc8VMSep+lOUSC/RVKaBqw==}
    engines: {node: '>=12'}
    hasBin: true

  estree-walker@3.0.3:
    resolution: {integrity: sha512-7RUKfXgSMMkzt6ZuXmqapOurLGPPfgj6l9uRZ7lRGolvk0y2yocc35LdcxKC5PQZdn2DMqioAQ2NoWcrTKmm6g==}

  fill-range@7.1.1:
    resolution: {integrity: sha512-YsGpe3WHLK8ZYi4tWDg2Jy3ebRz2rXowDxnld4bkQB00cc/1Zw9AWnC0i9ztDJitivtQvaI9KaLyKrc+hBW0yg==}
    engines: {node: '>=8'}

  fs.realpath@1.0.0:
    resolution: {integrity: sha512-OO0pH2lK6a0hZnAdau5ItzHPI6pUlvI7jMVnxUQRtw4owF2wk8lOSabtGDCTP4Ggrg2MbGnWO9X8K1t4+fGMDw==}

  fsevents@2.3.3:
    resolution: {integrity: sha512-5xoDfX+fL7faATnagmWPpbFtwh/R77WmMMqqHGS65C3vvB0YHrgF+B1YmZ3441tMj5n63k0212XNoJwzlhffQw==}
    engines: {node: ^8.16.0 || ^10.6.0 || >=11.0.0}
    os: [darwin]

  glob-parent@5.1.2:
    resolution: {integrity: sha512-AOIgSQCepiJYwP3ARnGx+5VnTu2HBYdzbGP45eLw1vr3zB3vZLeyed1sC9hnbcOc9/SrMyM5RPQrkGz4aS9Zow==}
    engines: {node: '>= 6'}

  glob@7.2.3:
    resolution: {integrity: sha512-nFR0zLpU2YCaRxwoCJvL6UvCH2JFyFVIvwTLsIf21AuHlMskA1hhTdk+LlYJtOlYt9v6dvszD2BGRqBL+iQK9Q==}
    deprecated: Old versions of glob are not supported, and contain widely publicized security vulnerabilities, which have been fixed in the current version. Please update. Support for old versions may be purchased (at exorbitant rates) by contacting i@izs.me

  graceful-fs@4.2.11:
    resolution: {integrity: sha512-RbJ5/jmFcNNCcDV5o9eTnBLJ/HszWV0P73bc+Ff4nS/rJj+YaS6IGyiOL0VoBYX+l1Wrl3k63h/KrH+nhJ0XvQ==}

  immutable@5.1.5:
    resolution: {integrity: sha512-t7xcm2siw+hlUM68I+UEOK+z84RzmN59as9DZ7P1l0994DKUWV7UXBMQZVxaoMSRQ+PBZbHCOoBt7a2wxOMt+A==}

  inflight@1.0.6:
    resolution: {integrity: sha512-k92I/b08q4wvFscXCLvqfsHCrjrF7yiXsQuIVvVE7N82W3+aqpzuUdBbfhWcy/FZR3/4IgflMgKLOsvPDrGCJA==}
    deprecated: This module is not supported, and leaks memory. Do not use it. Check out lru-cache if you want a good and tested way to coalesce async requests by a key value, which is much more comprehensive and powerful.

  inherits@2.0.4:
    resolution: {integrity: sha512-k/vGaX4/Yla3WzyMCvTQOXYeIHvqOKtnqBduzTHpzpQZzAskKMhZ2K+EnBiSM9zGSoIFeMpXKxa4dYeZIQqewQ==}

  is-binary-path@2.1.0:
    resolution: {integrity: sha512-ZMERYes6pDydyuGidse7OsHxtbI7WVeUEozgR/g7rd0xUimYNlvZRE/K2MgZTjWy725IfelLeVcEM97mmtRGXw==}
    engines: {node: '>=8'}

  is-extglob@2.1.1:
    resolution: {integrity: sha512-SbKbANkN603Vi4jEZv49LeVJMn4yGwsbzZworEoyEiutsN3nJYdbO36zfhGJ6QEDpOZIFkDtnq5JRxmvl3jsoQ==}
    engines: {node: '>=0.10.0'}

  is-glob@4.0.3:
    resolution: {integrity: sha512-xelSayHH36ZgE7ZWhli7pW34hNbNl8Ojv5KVmkJD4hBdD3th8Tfk9vYasLM+mXWOZhFkgZfxhLSnrwRr4elSSg==}
    engines: {node: '>=0.10.0'}

  is-number@7.0.0:
    resolution: {integrity: sha512-41Cifkg6e8TylSpdtTpeLVMqvSBEVzTttHvERD741+pnZ8ANv0004MRL43QKPDlK9cGvNp6NZWZUBlbGXYxxng==}
    engines: {node: '>=0.12.0'}

  is-reference@3.0.3:
    resolution: {integrity: sha512-ixkJoqQvAP88E6wLydLGGqCJsrFUnqoH6HnaczB8XmDH1oaWU+xxdptvikTgaEhtZ53Ky6YXiBuUI2WXLMCwjw==}

  kleur@4.1.5:
    resolution: {integrity: sha512-o+NO+8WrRiQEE4/7nwRJhN1HWpVmJm511pBHUxPLtp0BUISzlBplORYSmTclCnJvQq2tKu/sgl3xVpkc7ZWuQQ==}
    engines: {node: '>=6'}

  locate-character@3.0.0:
    resolution: {integrity: sha512-SW13ws7BjaeJ6p7Q6CO2nchbYEc3X3J6WrmTTDto7yMPqVSZTUyY5Tjbid+Ab8gLnATtygYtiDIJGQRRn2ZOiA==}

  magic-string@0.30.21:
    resolution: {integrity: sha512-vd2F4YUyEXKGcLHoq+TEyCjxueSeHnFxyyjNp80yg0XV4vUhnDer/lvvlqM/arB5bXQN5K2/3oinyCRyx8T2CQ==}

  mdn-data@2.0.30:
    resolution: {integrity: sha512-GaqWWShW4kv/G9IEucWScBx9G1/vsFZZJUO+tD26M8J8z3Kw5RDQjaoZe03YAClgeS/SWPOcb4nkFBTEi5DUEA==}

  min-indent@1.0.1:
    resolution: {integrity: sha512-I9jwMn07Sy/IwOj3zVkVik2JTvgpaykDZEigL6Rx6N9LbMywwUSMtxET+7lVoDLLd3O3IXwJwvuuns8UB/HeAg==}
    engines: {node: '>=4'}

  minimatch@3.1.5:
    resolution: {integrity: sha512-VgjWUsnnT6n+NUk6eZq77zeFdpW2LWDzP6zFGrCbHXiYNul5Dzqk2HHQ5uFH2DNW5Xbp8+jVzaeNt94ssEEl4w==}

  minimist@1.2.8:
    resolution: {integrity: sha512-2yyAR8qBkN3YuheJanUpWC5U3bb5osDywNB8RzDVlDwDHbocAJveqqj1u8+SVD7jkWT4yvsHCpWqqWqAxb0zCA==}

  mkdirp@0.5.6:
    resolution: {integrity: sha512-FP+p8RB8OWpF3YZBCrP5gtADmtXApB5AMLn+vdyA+PyxCjrCs00mjyUozssO33cwDeT3wNGdLxJ5M//YqtHAJw==}
    hasBin: true

  mri@1.2.0:
    resolution: {integrity: sha512-tzzskb3bG8LvYGFF/mDTpq3jpI6Q9wc3LEmBaghu+DdCssd1FakN7Bc0hVNmEyGq1bq3RgfkCb3cmQLpNPOroA==}
    engines: {node: '>=4'}

  ms@2.1.3:
    resolution: {integrity: sha512-6FlzubTLZG3J2a/NVCAleEhjzq5oxgHyaCU9yYXvcLsvoVaHJq/s5xXI6/XXP6tz7R9xAOtHnSO/tXtF3WRTlA==}

  nanoid@3.3.11:
    resolution: {integrity: sha512-N8SpfPUnUp1bK+PMYW8qSWdl9U+wwNWI4QKxOYDy9JAro3WMX7p2OeVRF9v+347pnakNevPmiHhNmZ2HbFA76w==}
    engines: {node: ^10 || ^12 || ^13.7 || ^14 || >=15.0.1}
    hasBin: true

  node-addon-api@7.1.1:
    resolution: {integrity: sha512-5m3bsyrjFWE1xf7nz7YXdN4udnVtXK6/Yfgn5qnahL6bCkf2yKt4k3nuTKAtT4r3IG8JNR2ncsIMdZuAzJjHQQ==}

  normalize-path@3.0.0:
    resolution: {integrity: sha512-6eZs5Ls3WtCisHWp9S2GUy8dqkpGi4BVSz3GaqiE6ezub0512ESztXUwUB6C6IKbQkY2Pnb/mD4WYojCRwcwLA==}
    engines: {node: '>=0.10.0'}

  once@1.4.0:
    resolution: {integrity: sha512-lNaJgI+2Q5URQBkccEKHTQOPaXdUxnZZElQTZY0MFUAuaEqe1E+Nyvgdz/aIyNi6Z9MzO5dv1H8n58/GELp3+w==}

  path-is-absolute@1.0.1:
    resolution: {integrity: sha512-AVbw3UJ2e9bq64vSaS9Am0fje1Pa8pbGqTTsmXfaIiMpnr5DlDhfJOuLj9Sf95ZPVDAUerDfEk88MPmPe7UCQg==}
    engines: {node: '>=0.10.0'}

  periscopic@3.1.0:
    resolution: {integrity: sha512-vKiQ8RRtkl9P+r/+oefh25C3fhybptkHKCZSPlcXiJux2tJF55GnEj3BVn4A5gKfq9NWWXXrxkHBwVPUfH0opw==}

  picocolors@1.1.1:
    resolution: {integrity: sha512-xceH2snhtb5M9liqDsmEw56le376mTZkEX/jEb/RxNFyegNul7eNslCXP9FDj/Lcu0X8KEyMceP2ntpaHrDEVA==}

  picomatch@2.3.2:
    resolution: {integrity: sha512-V7+vQEJ06Z+c5tSye8S+nHUfI51xoXIXjHQ99cQtKUkQqqO1kO/KCJUfZXuB47h/YBlDhah2H3hdUGXn8ie0oA==}
    engines: {node: '>=8.6'}

  picomatch@4.0.4:
    resolution: {integrity: sha512-QP88BAKvMam/3NxH6vj2o21R6MjxZUAd6nlwAS/pnGvN9IVLocLHxGYIzFhg6fUQ+5th6P4dv4eW9jX3DSIj7A==}
    engines: {node: '>=12'}

  postcss@8.5.10:
    resolution: {integrity: sha512-pMMHxBOZKFU6HgAZ4eyGnwXF/EvPGGqUr0MnZ5+99485wwW41kW91A4LOGxSHhgugZmSChL5AlElNdwlNgcnLQ==}
    engines: {node: ^10 || ^12 || >=14}

  readdirp@3.6.0:
    resolution: {integrity: sha512-hOS089on8RduqdbhvQ5Z37A0ESjsqz6qnRcffsMU3495FuTdqSm+7bhJ29JvIOsBDEEnan5DPu9t3To9VRlMzA==}
    engines: {node: '>=8.10.0'}

  readdirp@4.1.2:
    resolution: {integrity: sha512-GDhwkLfywWL2s6vEjyhri+eXmfH6j1L7JE27WhqLeYzoh/A3DBaYGEj2H/HFZCn/kMfim73FXxEJTw06WtxQwg==}
    engines: {node: '>= 14.18.0'}

  rimraf@2.7.1:
    resolution: {integrity: sha512-uWjbaKIK3T1OSVptzX7Nl6PvQ3qAGtKEtVRjRuazjfL3Bx5eI409VZSqgND+4UNnmzLVdPj9FqFJNPqBZFve4w==}
    deprecated: Rimraf versions prior to v4 are no longer supported
    hasBin: true

  rollup@4.60.1:
    resolution: {integrity: sha512-VmtB2rFU/GroZ4oL8+ZqXgSA38O6GR8KSIvWmEFv63pQ0G6KaBH9s07PO8XTXP4vI+3UJUEypOfjkGfmSBBR0w==}
    engines: {node: '>=18.0.0', npm: '>=8.0.0'}
    hasBin: true

  sade@1.8.1:
    resolution: {integrity: sha512-xal3CZX1Xlo/k4ApwCFrHVACi9fBqJ7V+mwhBsuf/1IOKbBy098Fex+Wa/5QMubw09pSZ/u8EY8PWgevJsXp1A==}
    engines: {node: '>=6'}

  sander@0.5.1:
    resolution: {integrity: sha512-3lVqBir7WuKDHGrKRDn/1Ye3kwpXaDOMsiRP1wd6wpZW56gJhsbp5RqQpA6JG/P+pkXizygnr1dKR8vzWaVsfA==}

  sass@1.99.0:
    resolution: {integrity: sha512-kgW13M54DUB7IsIRM5LvJkNlpH+WhMpooUcaWGFARkF1Tc82v9mIWkCbCYf+MBvpIUBSeSOTilpZjEPr2VYE6Q==}
    engines: {node: '>=14.0.0'}
    hasBin: true

  sorcery@0.11.1:
    resolution: {integrity: sha512-o7npfeJE6wi6J9l0/5LKshFzZ2rMatRiCDwYeDQaOzqdzRJwALhX7mk/A/ecg6wjMu7wdZbmXfD2S/vpOg0bdQ==}
    hasBin: true

  source-map-js@1.2.1:
    resolution: {integrity: sha512-UXWMKhLOwVKb728IUtQPXxfYU+usdybtUrK/8uGE8CQMvrhOpwvzDBwj0QhSL7MQc7vIsISBG8VQ8+IDQxpfQA==}
    engines: {node: '>=0.10.0'}

  strip-indent@3.0.0:
    resolution: {integrity: sha512-laJTa3Jb+VQpaC6DseHhF7dXVqHTfJPCRDaEbid/drOhgitgYku/letMUqOXFoWV0zIIUbjpdH2t+tYj4bQMRQ==}
    engines: {node: '>=8'}

  svelte-check@3.8.6:
    resolution: {integrity: sha512-ij0u4Lw/sOTREP13BdWZjiXD/BlHE6/e2e34XzmVmsp5IN4kVa3PWP65NM32JAgwjZlwBg/+JtiNV1MM8khu0Q==}
    hasBin: true
    peerDependencies:
      svelte: ^3.55.0 || ^4.0.0-next.0 || ^4.0.0 || ^5.0.0-next.0

  svelte-hmr@0.16.0:
    resolution: {integrity: sha512-Gyc7cOS3VJzLlfj7wKS0ZnzDVdv3Pn2IuVeJPk9m2skfhcu5bq3wtIZyQGggr7/Iim5rH5cncyQft/kRLupcnA==}
    engines: {node: ^12.20 || ^14.13.1 || >= 16}
    peerDependencies:
      svelte: ^3.19.0 || ^4.0.0

  svelte-preprocess@5.1.4:
    resolution: {integrity: sha512-IvnbQ6D6Ao3Gg6ftiM5tdbR6aAETwjhHV+UKGf5bHGYR69RQvF1ho0JKPcbUON4vy4R7zom13jPjgdOWCQ5hDA==}
    engines: {node: '>= 16.0.0'}
    peerDependencies:
      '@babel/core': ^7.10.2
      coffeescript: ^2.5.1
      less: ^3.11.3 || ^4.0.0
      postcss: ^7 || ^8
      postcss-load-config: ^2.1.0 || ^3.0.0 || ^4.0.0 || ^5.0.0
      pug: ^3.0.0
      sass: ^1.26.8
      stylus: ^0.55.0
      sugarss: ^2.0.0 || ^3.0.0 || ^4.0.0
      svelte: ^3.23.0 || ^4.0.0-next.0 || ^4.0.0 || ^5.0.0-next.0
      typescript: '>=3.9.5 || ^4.0.0 || ^5.0.0'
    peerDependenciesMeta:
      '@babel/core':
        optional: true
      coffeescript:
        optional: true
      less:
        optional: true
      postcss:
        optional: true
      postcss-load-config:
        optional: true
      pug:
        optional: true
      sass:
        optional: true
      stylus:
        optional: true
      sugarss:
        optional: true
      typescript:
        optional: true

  svelte@4.2.20:
    resolution: {integrity: sha512-eeEgGc2DtiUil5ANdtd8vPwt9AgaMdnuUFnPft9F5oMvU/FHu5IHFic+p1dR/UOB7XU2mX2yHW+NcTch4DCh5Q==}
    engines: {node: '>=16'}

  to-regex-range@5.0.1:
    resolution: {integrity: sha512-65P7iz6X5yEr1cwcgvQxbbIw7Uk3gOy5dIdtZ4rDveLqhrdJP+Li/Hx6tyK0NEb+2GCyneCMJiGqrADCSNk8sQ==}
    engines: {node: '>=8.0'}

  tslib@2.8.1:
    resolution: {integrity: sha512-oJFu94HQb+KVduSUQL7wnpmqnfmLsOA/nAh6b6EH0wCEoK0/mPeXU6c3wKDV83MkOuHPRHtSXKKU99IBazS/2w==}

  typescript@5.9.3:
    resolution: {integrity: sha512-jl1vZzPDinLr9eUt3J/t7V6FgNEw9QjvBPdysz9KfQDD41fQrC2Y4vKQdiaUpFT4bXlb1RHhLpp8wtm6M5TgSw==}
    engines: {node: '>=14.17'}
    hasBin: true

  undici-types@7.19.2:
    resolution: {integrity: sha512-qYVnV5OEm2AW8cJMCpdV20CDyaN3g0AjDlOGf1OW4iaDEx8MwdtChUp4zu4H0VP3nDRF/8RKWH+IPp9uW0YGZg==}

  vite@5.4.21:
    resolution: {integrity: sha512-o5a9xKjbtuhY6Bi5S3+HvbRERmouabWbyUcpXXUA1u+GNUKoROi9byOJ8M0nHbHYHkYICiMlqxkg1KkYmm25Sw==}
    engines: {node: ^18.0.0 || >=20.0.0}
    hasBin: true
    peerDependencies:
      '@types/node': ^18.0.0 || >=20.0.0
      less: '*'
      lightningcss: ^1.21.0
      sass: '*'
      sass-embedded: '*'
      stylus: '*'
      sugarss: '*'
      terser: ^5.4.0
    peerDependenciesMeta:
      '@types/node':
        optional: true
      less:
        optional: true
      lightningcss:
        optional: true
      sass:
        optional: true
      sass-embedded:
        optional: true
      stylus:
        optional: true
      sugarss:
        optional: true
      terser:
        optional: true

  vitefu@0.2.5:
    resolution: {integrity: sha512-SgHtMLoqaeeGnd2evZ849ZbACbnwQCIwRH57t18FxcXoZop0uQu0uzlIhJBlF/eWVzuce0sHeqPcDo+evVcg8Q==}
    peerDependencies:
      vite: ^3.0.0 || ^4.0.0 || ^5.0.0
    peerDependenciesMeta:
      vite:
        optional: true

  wrappy@1.0.2:
    resolution: {integrity: sha512-l4Sp/DRseor9wL6EvV2+TuQn63dMkPjZ/sp9XkghTEbV9KlPS1xUsZ3u7/IQO4wxtcFB4bgpQPRcR3QCvezPcQ==}

  yaml@2.9.0:
    resolution: {integrity: sha512-2AvhNX3mb8zd6Zy7INTtSpl1F15HW6Wnqj0srWlkKLcpYl/gMIMJiyuGq2KeI2YFxUPjdlB+3Lc10seMLtL4cA==}
    engines: {node: '>= 14.6'}
    hasBin: true

snapshots:

  '@ampproject/remapping@2.3.0':
    dependencies:
      '@jridgewell/gen-mapping': 0.3.13
      '@jridgewell/trace-mapping': 0.3.31

  '@esbuild/aix-ppc64@0.21.5':
    optional: true

  '@esbuild/android-arm64@0.21.5':
    optional: true

  '@esbuild/android-arm@0.21.5':
    optional: true

  '@esbuild/android-x64@0.21.5':
    optional: true

  '@esbuild/darwin-arm64@0.21.5':
    optional: true

  '@esbuild/darwin-x64@0.21.5':
    optional: true

  '@esbuild/freebsd-arm64@0.21.5':
    optional: true

  '@esbuild/freebsd-x64@0.21.5':
    optional: true

  '@esbuild/linux-arm64@0.21.5':
    optional: true

  '@esbuild/linux-arm@0.21.5':
    optional: true

  '@esbuild/linux-ia32@0.21.5':
    optional: true

  '@esbuild/linux-loong64@0.21.5':
    optional: true

  '@esbuild/linux-mips64el@0.21.5':
    optional: true

  '@esbuild/linux-ppc64@0.21.5':
    optional: true

  '@esbuild/linux-riscv64@0.21.5':
    optional: true

  '@esbuild/linux-s390x@0.21.5':
    optional: true

  '@esbuild/linux-x64@0.21.5':
    optional: true

  '@esbuild/netbsd-x64@0.21.5':
    optional: true

  '@esbuild/openbsd-x64@0.21.5':
    optional: true

  '@esbuild/sunos-x64@0.21.5':
    optional: true

  '@esbuild/win32-arm64@0.21.5':
    optional: true

  '@esbuild/win32-ia32@0.21.5':
    optional: true

  '@esbuild/win32-x64@0.21.5':
    optional: true

  '@jridgewell/gen-mapping@0.3.13':
    dependencies:
      '@jridgewell/sourcemap-codec': 1.5.5
      '@jridgewell/trace-mapping': 0.3.31

  '@jridgewell/resolve-uri@3.1.2': {}

  '@jridgewell/sourcemap-codec@1.5.5': {}

  '@jridgewell/trace-mapping@0.3.31':
    dependencies:
      '@jridgewell/resolve-uri': 3.1.2
      '@jridgewell/sourcemap-codec': 1.5.5

  '@parcel/watcher-android-arm64@2.5.6':
    optional: true

  '@parcel/watcher-darwin-arm64@2.5.6':
    optional: true

  '@parcel/watcher-darwin-x64@2.5.6':
    optional: true

  '@parcel/watcher-freebsd-x64@2.5.6':
    optional: true

  '@parcel/watcher-linux-arm-glibc@2.5.6':
    optional: true

  '@parcel/watcher-linux-arm-musl@2.5.6':
    optional: true

  '@parcel/watcher-linux-arm64-glibc@2.5.6':
    optional: true

  '@parcel/watcher-linux-arm64-musl@2.5.6':
    optional: true

  '@parcel/watcher-linux-x64-glibc@2.5.6':
    optional: true

  '@parcel/watcher-linux-x64-musl@2.5.6':
    optional: true

  '@parcel/watcher-win32-arm64@2.5.6':
    optional: true

  '@parcel/watcher-win32-ia32@2.5.6':
    optional: true

  '@parcel/watcher-win32-x64@2.5.6':
    optional: true

  '@parcel/watcher@2.5.6':
    dependencies:
      detect-libc: 2.1.2
      is-glob: 4.0.3
      node-addon-api: 7.1.1
      picomatch: 4.0.4
    optionalDependencies:
      '@parcel/watcher-android-arm64': 2.5.6
      '@parcel/watcher-darwin-arm64': 2.5.6
      '@parcel/watcher-darwin-x64': 2.5.6
      '@parcel/watcher-freebsd-x64': 2.5.6
      '@parcel/watcher-linux-arm-glibc': 2.5.6
      '@parcel/watcher-linux-arm-musl': 2.5.6
      '@parcel/watcher-linux-arm64-glibc': 2.5.6
      '@parcel/watcher-linux-arm64-musl': 2.5.6
      '@parcel/watcher-linux-x64-glibc': 2.5.6
      '@parcel/watcher-linux-x64-musl': 2.5.6
      '@parcel/watcher-win32-arm64': 2.5.6
      '@parcel/watcher-win32-ia32': 2.5.6
      '@parcel/watcher-win32-x64': 2.5.6
    optional: true

  '@rollup/rollup-android-arm-eabi@4.60.1':
    optional: true

  '@rollup/rollup-android-arm64@4.60.1':
    optional: true

  '@rollup/rollup-darwin-arm64@4.60.1':
    optional: true

  '@rollup/rollup-darwin-x64@4.60.1':
    optional: true

  '@rollup/rollup-freebsd-arm64@4.60.1':
    optional: true

  '@rollup/rollup-freebsd-x64@4.60.1':
    optional: true

  '@rollup/rollup-linux-arm-gnueabihf@4.60.1':
    optional: true

  '@rollup/rollup-linux-arm-musleabihf@4.60.1':
    optional: true

  '@rollup/rollup-linux-arm64-gnu@4.60.1':
    optional: true

  '@rollup/rollup-linux-arm64-musl@4.60.1':
    optional: true

  '@rollup/rollup-linux-loong64-gnu@4.60.1':
    optional: true

  '@rollup/rollup-linux-loong64-musl@4.60.1':
    optional: true

  '@rollup/rollup-linux-ppc64-gnu@4.60.1':
    optional: true

  '@rollup/rollup-linux-ppc64-musl@4.60.1':
    optional: true

  '@rollup/rollup-linux-riscv64-gnu@4.60.1':
    optional: true

  '@rollup/rollup-linux-riscv64-musl@4.60.1':
    optional: true

  '@rollup/rollup-linux-s390x-gnu@4.60.1':
    optional: true

  '@rollup/rollup-linux-x64-gnu@4.60.1':
    optional: true

  '@rollup/rollup-linux-x64-musl@4.60.1':
    optional: true

  '@rollup/rollup-openbsd-x64@4.60.1':
    optional: true

  '@rollup/rollup-openharmony-arm64@4.60.1':
    optional: true

  '@rollup/rollup-win32-arm64-msvc@4.60.1':
    optional: true

  '@rollup/rollup-win32-ia32-msvc@4.60.1':
    optional: true

  '@rollup/rollup-win32-x64-gnu@4.60.1':
    optional: true

  '@rollup/rollup-win32-x64-msvc@4.60.1':
    optional: true

  '@sveltejs/vite-plugin-svelte-inspector@2.1.0(@sveltejs/vite-plugin-svelte@3.1.2(svelte@4.2.20)(vite@5.4.21(@types/node@25.6.0)(sass@1.99.0)))(svelte@4.2.20)(vite@5.4.21(@types/node@25.6.0)(sass@1.99.0))':
    dependencies:
      '@sveltejs/vite-plugin-svelte': 3.1.2(svelte@4.2.20)(vite@5.4.21(@types/node@25.6.0)(sass@1.99.0))
      debug: 4.4.3
      svelte: 4.2.20
      vite: 5.4.21(@types/node@25.6.0)(sass@1.99.0)
    transitivePeerDependencies:
      - supports-color

  '@sveltejs/vite-plugin-svelte@3.1.2(svelte@4.2.20)(vite@5.4.21(@types/node@25.6.0)(sass@1.99.0))':
    dependencies:
      '@sveltejs/vite-plugin-svelte-inspector': 2.1.0(@sveltejs/vite-plugin-svelte@3.1.2(svelte@4.2.20)(vite@5.4.21(@types/node@25.6.0)(sass@1.99.0)))(svelte@4.2.20)(vite@5.4.21(@types/node@25.6.0)(sass@1.99.0))
      debug: 4.4.3
      deepmerge: 4.3.1
      kleur: 4.1.5
      magic-string: 0.30.21
      svelte: 4.2.20
      svelte-hmr: 0.16.0(svelte@4.2.20)
      vite: 5.4.21(@types/node@25.6.0)(sass@1.99.0)
      vitefu: 0.2.5(vite@5.4.21(@types/node@25.6.0)(sass@1.99.0))
    transitivePeerDependencies:
      - supports-color

  '@tsconfig/svelte@5.0.8': {}

  '@types/estree@1.0.8': {}

  '@types/node@25.6.0':
    dependencies:
      undici-types: 7.19.2

  '@types/pug@2.0.10': {}

  '@wailsio/runtime@3.0.0-alpha.79': {}

  acorn@8.16.0: {}

  anymatch@3.1.3:
    dependencies:
      normalize-path: 3.0.0
      picomatch: 2.3.2

  aria-query@5.3.2: {}

  axobject-query@4.1.0: {}

  balanced-match@1.0.2: {}

  binary-extensions@2.3.0: {}

  brace-expansion@1.1.14:
    dependencies:
      balanced-match: 1.0.2
      concat-map: 0.0.1

  braces@3.0.3:
    dependencies:
      fill-range: 7.1.1

  buffer-crc32@1.0.0: {}

  chokidar@3.6.0:
    dependencies:
      anymatch: 3.1.3
      braces: 3.0.3
      glob-parent: 5.1.2
      is-binary-path: 2.1.0
      is-glob: 4.0.3
      normalize-path: 3.0.0
      readdirp: 3.6.0
    optionalDependencies:
      fsevents: 2.3.3

  chokidar@4.0.3:
    dependencies:
      readdirp: 4.1.2

  code-red@1.0.4:
    dependencies:
      '@jridgewell/sourcemap-codec': 1.5.5
      '@types/estree': 1.0.8
      acorn: 8.16.0
      estree-walker: 3.0.3
      periscopic: 3.1.0

  concat-map@0.0.1: {}

  css-tree@2.3.1:
    dependencies:
      mdn-data: 2.0.30
      source-map-js: 1.2.1

  debug@4.4.3:
    dependencies:
      ms: 2.1.3

  deepmerge@4.3.1: {}

  detect-indent@6.1.0: {}

  detect-libc@2.1.2:
    optional: true

  es6-promise@3.3.1: {}

  esbuild@0.21.5:
    optionalDependencies:
      '@esbuild/aix-ppc64': 0.21.5
      '@esbuild/android-arm': 0.21.5
      '@esbuild/android-arm64': 0.21.5
      '@esbuild/android-x64': 0.21.5
      '@esbuild/darwin-arm64': 0.21.5
      '@esbuild/darwin-x64': 0.21.5
      '@esbuild/freebsd-arm64': 0.21.5
      '@esbuild/freebsd-x64': 0.21.5
      '@esbuild/linux-arm': 0.21.5
      '@esbuild/linux-arm64': 0.21.5
      '@esbuild/linux-ia32': 0.21.5
      '@esbuild/linux-loong64': 0.21.5
      '@esbuild/linux-mips64el': 0.21.5
      '@esbuild/linux-ppc64': 0.21.5
      '@esbuild/linux-riscv64': 0.21.5
      '@esbuild/linux-s390x': 0.21.5
      '@esbuild/linux-x64': 0.21.5
      '@esbuild/netbsd-x64': 0.21.5
      '@esbuild/openbsd-x64': 0.21.5
      '@esbuild/sunos-x64': 0.21.5
      '@esbuild/win32-arm64': 0.21.5
      '@esbuild/win32-ia32': 0.21.5
      '@esbuild/win32-x64': 0.21.5

  estree-walker@3.0.3:
    dependencies:
      '@types/estree': 1.0.8

  fill-range@7.1.1:
    dependencies:
      to-regex-range: 5.0.1

  fs.realpath@1.0.0: {}

  fsevents@2.3.3:
    optional: true

  glob-parent@5.1.2:
    dependencies:
      is-glob: 4.0.3

  glob@7.2.3:
    dependencies:
      fs.realpath: 1.0.0
      inflight: 1.0.6
      inherits: 2.0.4
      minimatch: 3.1.5
      once: 1.4.0
      path-is-absolute: 1.0.1

  graceful-fs@4.2.11: {}

  immutable@5.1.5: {}

  inflight@1.0.6:
    dependencies:
      once: 1.4.0
      wrappy: 1.0.2

  inherits@2.0.4: {}

  is-binary-path@2.1.0:
    dependencies:
      binary-extensions: 2.3.0

  is-extglob@2.1.1: {}

  is-glob@4.0.3:
    dependencies:
      is-extglob: 2.1.1

  is-number@7.0.0: {}

  is-reference@3.0.3:
    dependencies:
      '@types/estree': 1.0.8

  kleur@4.1.5: {}

  locate-character@3.0.0: {}

  magic-string@0.30.21:
    dependencies:
      '@jridgewell/sourcemap-codec': 1.5.5

  mdn-data@2.0.30: {}

  min-indent@1.0.1: {}

  minimatch@3.1.5:
    dependencies:
      brace-expansion: 1.1.14

  minimist@1.2.8: {}

  mkdirp@0.5.6:
    dependencies:
      minimist: 1.2.8

  mri@1.2.0: {}

  ms@2.1.3: {}

  nanoid@3.3.11: {}

  node-addon-api@7.1.1:
    optional: true

  normalize-path@3.0.0: {}

  once@1.4.0:
    dependencies:
      wrappy: 1.0.2

  path-is-absolute@1.0.1: {}

  periscopic@3.1.0:
    dependencies:
      '@types/estree': 1.0.8
      estree-walker: 3.0.3
      is-reference: 3.0.3

  picocolors@1.1.1: {}

  picomatch@2.3.2: {}

  picomatch@4.0.4:
    optional: true

  postcss@8.5.10:
    dependencies:
      nanoid: 3.3.11
      picocolors: 1.1.1
      source-map-js: 1.2.1

  readdirp@3.6.0:
    dependencies:
      picomatch: 2.3.2

  readdirp@4.1.2: {}

  rimraf@2.7.1:
    dependencies:
      glob: 7.2.3

  rollup@4.60.1:
    dependencies:
      '@types/estree': 1.0.8
    optionalDependencies:
      '@rollup/rollup-android-arm-eabi': 4.60.1
      '@rollup/rollup-android-arm64': 4.60.1
      '@rollup/rollup-darwin-arm64': 4.60.1
      '@rollup/rollup-darwin-x64': 4.60.1
      '@rollup/rollup-freebsd-arm64': 4.60.1
      '@rollup/rollup-freebsd-x64': 4.60.1
      '@rollup/rollup-linux-arm-gnueabihf': 4.60.1
      '@rollup/rollup-linux-arm-musleabihf': 4.60.1
      '@rollup/rollup-linux-arm64-gnu': 4.60.1
      '@rollup/rollup-linux-arm64-musl': 4.60.1
      '@rollup/rollup-linux-loong64-gnu': 4.60.1
      '@rollup/rollup-linux-loong64-musl': 4.60.1
      '@rollup/rollup-linux-ppc64-gnu': 4.60.1
      '@rollup/rollup-linux-ppc64-musl': 4.60.1
      '@rollup/rollup-linux-riscv64-gnu': 4.60.1
      '@rollup/rollup-linux-riscv64-musl': 4.60.1
      '@rollup/rollup-linux-s390x-gnu': 4.60.1
      '@rollup/rollup-linux-x64-gnu': 4.60.1
      '@rollup/rollup-linux-x64-musl': 4.60.1
      '@rollup/rollup-openbsd-x64': 4.60.1
      '@rollup/rollup-openharmony-arm64': 4.60.1
      '@rollup/rollup-win32-arm64-msvc': 4.60.1
      '@rollup/rollup-win32-ia32-msvc': 4.60.1
      '@rollup/rollup-win32-x64-gnu': 4.60.1
      '@rollup/rollup-win32-x64-msvc': 4.60.1
      fsevents: 2.3.3

  sade@1.8.1:
    dependencies:
      mri: 1.2.0

  sander@0.5.1:
    dependencies:
      es6-promise: 3.3.1
      graceful-fs: 4.2.11
      mkdirp: 0.5.6
      rimraf: 2.7.1

  sass@1.99.0:
    dependencies:
      chokidar: 4.0.3
      immutable: 5.1.5
      source-map-js: 1.2.1
    optionalDependencies:
      '@parcel/watcher': 2.5.6

  sorcery@0.11.1:
    dependencies:
      '@jridgewell/sourcemap-codec': 1.5.5
      buffer-crc32: 1.0.0
      minimist: 1.2.8
      sander: 0.5.1

  source-map-js@1.2.1: {}

  strip-indent@3.0.0:
    dependencies:
      min-indent: 1.0.1

  svelte-check@3.8.6(postcss@8.5.10)(sass@1.99.0)(svelte@4.2.20):
    dependencies:
      '@jridgewell/trace-mapping': 0.3.31
      chokidar: 3.6.0
      picocolors: 1.1.1
      sade: 1.8.1
      svelte: 4.2.20
      svelte-preprocess: 5.1.4(postcss@8.5.10)(sass@1.99.0)(svelte@4.2.20)(typescript@5.9.3)
      typescript: 5.9.3
    transitivePeerDependencies:
      - '@babel/core'
      - coffeescript
      - less
      - postcss
      - postcss-load-config
      - pug
      - sass
      - stylus
      - sugarss

  svelte-hmr@0.16.0(svelte@4.2.20):
    dependencies:
      svelte: 4.2.20

  svelte-preprocess@5.1.4(postcss@8.5.10)(sass@1.99.0)(svelte@4.2.20)(typescript@5.9.3):
    dependencies:
      '@types/pug': 2.0.10
      detect-indent: 6.1.0
      magic-string: 0.30.21
      sorcery: 0.11.1
      strip-indent: 3.0.0
      svelte: 4.2.20
    optionalDependencies:
      postcss: 8.5.10
      sass: 1.99.0
      typescript: 5.9.3

  svelte@4.2.20:
    dependencies:
      '@ampproject/remapping': 2.3.0
      '@jridgewell/sourcemap-codec': 1.5.5
      '@jridgewell/trace-mapping': 0.3.31
      '@types/estree': 1.0.8
      acorn: 8.16.0
      aria-query: 5.3.2
      axobject-query: 4.1.0
      code-red: 1.0.4
      css-tree: 2.3.1
      estree-walker: 3.0.3
      is-reference: 3.0.3
      locate-character: 3.0.0
      magic-string: 0.30.21
      periscopic: 3.1.0

  to-regex-range@5.0.1:
    dependencies:
      is-number: 7.0.0

  tslib@2.8.1: {}

  typescript@5.9.3: {}

  undici-types@7.19.2: {}

  vite@5.4.21(@types/node@25.6.0)(sass@1.99.0):
    dependencies:
      esbuild: 0.21.5
      postcss: 8.5.10
      rollup: 4.60.1
    optionalDependencies:
      '@types/node': 25.6.0
      fsevents: 2.3.3
      sass: 1.99.0

  vitefu@0.2.5(vite@5.4.21(@types/node@25.6.0)(sass@1.99.0)):
    optionalDependencies:
      vite: 5.4.21(@types/node@25.6.0)(sass@1.99.0)

  wrappy@1.0.2: {}

  yaml@2.9.0: {}
