
Microsoft Visual Studio Solution File, Format Version 12.00
# Visual Studio Version 17
VisualStudioVersion = 17.0.31912.275
MinimumVisualStudioVersion = 10.0.40219.1
Project("{9A19103F-16F7-4668-BE54-9A1E7A4F7556}") = "TcNo-Acc-Switcher-Server", "TcNo-Acc-Switcher-Server\TcNo-Acc-Switcher-Server.csproj", "{F4A4C45B-BDC0-4443-A707-EE8D935972C0}"
EndProject
Project("{9A19103F-16F7-4668-BE54-9A1E7A4F7556}") = "TcNo-Acc-Switcher-Client", "TcNo-Acc-Switcher-Client\TcNo-Acc-Switcher-Client.csproj", "{1EFC2E49-9A26-4470-B133-A7EA11F3FBF0}"
EndProject
Project("{9A19103F-16F7-4668-BE54-9A1E7A4F7556}") = "TcNo-Acc-Switcher-Globals", "TcNo-Acc-Switcher-Globals\TcNo-Acc-Switcher-Globals.csproj", "{5ACA23EB-2EF2-4256-A168-E02E71D89FBB}"
EndProject
Project("{9A19103F-16F7-4668-BE54-9A1E7A4F7556}") = "TcNo-Acc-Switcher-Tray", "TcNo-Acc-Switcher-Tray\TcNo-Acc-Switcher-Tray.csproj", "{3DCA295C-2BD4-43F4-925D-62AB7BAD1A7B}"
EndProject
Project("{9A19103F-16F7-4668-BE54-9A1E7A4F7556}") = "TcNo-Acc-Switcher-Updater", "TcNo-Acc-Switcher-Updater\TcNo-Acc-Switcher-Updater.csproj", "{FAAD2F0A-4948-47F6-B9B0-8824C5341738}"
EndProject
Project("{8BC9CEB8-8B4A-11D0-8D11-00A0C91BC942}") = "_First_Run_Installer", "Installer\Installer.vcxproj", "{3E53D5B9-C3BD-4D56-B228-1605664B35A4}"
EndProject
Project("{2150E333-8FDC-42A3-9474-1A3956D46DE8}") = "Solution Items", "Solution Items", "{C74FF569-0857-4C11-BF66-5A59290FAC85}"
	ProjectSection(SolutionItems) = preProject
		.editorconfig = .editorconfig
	EndProjectSection
EndProject
Project("{8BC9CEB8-8B4A-11D0-8D11-00A0C91BC942}") = "_Wrapper", "_Updater_Wrapper\_Updater_Wrapper.vcxproj", "{28BBB9FE-94C5-4C89-AF07-C6D28ADA0C59}"
EndProject
Project("{9A19103F-16F7-4668-BE54-9A1E7A4F7556}") = "runas", "runas\runas.csproj", "{2C8D51E2-3B55-4EBF-A6D9-9B824AB2D456}"
EndProject
Project("{C7167F0D-BC9F-4E6E-AFE1-012C56B48DB5}") = "TcNo-Acc-Switcher.Packager", "TcNo Account Switcher\TcNo-Acc-Switcher.Packager.wapproj", "{120E00D7-701B-4141-BB63-CA42AAE395EF}"
EndProject
Global
	GlobalSection(SolutionConfigurationPlatforms) = preSolution
		Debug|Any CPU = Debug|Any CPU
		Debug|ARM = Debug|ARM
		Debug|ARM64 = Debug|ARM64
		Debug|x64 = Debug|x64
		Debug|x86 = Debug|x86
		Release|Any CPU = Release|Any CPU
		Release|ARM = Release|ARM
		Release|ARM64 = Release|ARM64
		Release|x64 = Release|x64
		Release|x86 = Release|x86
	EndGlobalSection
	GlobalSection(ProjectConfigurationPlatforms) = postSolution
		{F4A4C45B-BDC0-4443-A707-EE8D935972C0}.Debug|Any CPU.ActiveCfg = Debug|x64
		{F4A4C45B-BDC0-4443-A707-EE8D935972C0}.Debug|ARM.ActiveCfg = Debug|x64
		{F4A4C45B-BDC0-4443-A707-EE8D935972C0}.Debug|ARM64.ActiveCfg = Debug|x64
		{F4A4C45B-BDC0-4443-A707-EE8D935972C0}.Debug|x64.ActiveCfg = Debug|x64
		{F4A4C45B-BDC0-4443-A707-EE8D935972C0}.Debug|x64.Build.0 = Debug|x64
		{F4A4C45B-BDC0-4443-A707-EE8D935972C0}.Debug|x86.ActiveCfg = Debug|x64
		{F4A4C45B-BDC0-4443-A707-EE8D935972C0}.Release|Any CPU.ActiveCfg = Release|x64
		{F4A4C45B-BDC0-4443-A707-EE8D935972C0}.Release|ARM.ActiveCfg = Release|x64
		{F4A4C45B-BDC0-4443-A707-EE8D935972C0}.Release|ARM64.ActiveCfg = Release|x64
		{F4A4C45B-BDC0-4443-A707-EE8D935972C0}.Release|x64.ActiveCfg = Release|x64
		{F4A4C45B-BDC0-4443-A707-EE8D935972C0}.Release|x64.Build.0 = Release|x64
		{F4A4C45B-BDC0-4443-A707-EE8D935972C0}.Release|x86.ActiveCfg = Release|x64
		{F4A4C45B-BDC0-4443-A707-EE8D935972C0}.Debug|Any CPU.Build.0 = Debug|x64
		{1EFC2E49-9A26-4470-B133-A7EA11F3FBF0}.Debug|Any CPU.ActiveCfg = Debug|x64
		{1EFC2E49-9A26-4470-B133-A7EA11F3FBF0}.Debug|ARM.ActiveCfg = Debug|x64
		{1EFC2E49-9A26-4470-B133-A7EA11F3FBF0}.Debug|ARM64.ActiveCfg = Debug|x64
		{1EFC2E49-9A26-4470-B133-A7EA11F3FBF0}.Debug|x64.ActiveCfg = Debug|x64
		{1EFC2E49-9A26-4470-B133-A7EA11F3FBF0}.Debug|x64.Build.0 = Debug|x64
		{1EFC2E49-9A26-4470-B133-A7EA11F3FBF0}.Debug|x86.ActiveCfg = Debug|x64
		{1EFC2E49-9A26-4470-B133-A7EA11F3FBF0}.Release|Any CPU.ActiveCfg = Release|x64
		{1EFC2E49-9A26-4470-B133-A7EA11F3FBF0}.Release|ARM.ActiveCfg = Release|x64
		{1EFC2E49-9A26-4470-B133-A7EA11F3FBF0}.Release|ARM64.ActiveCfg = Release|x64
		{1EFC2E49-9A26-4470-B133-A7EA11F3FBF0}.Release|x64.ActiveCfg = Release|x64
		{1EFC2E49-9A26-4470-B133-A7EA11F3FBF0}.Release|x64.Build.0 = Release|x64
		{1EFC2E49-9A26-4470-B133-A7EA11F3FBF0}.Release|x86.ActiveCfg = Release|x64
		{5ACA23EB-2EF2-4256-A168-E02E71D89FBB}.Debug|Any CPU.ActiveCfg = Debug|x64
		{5ACA23EB-2EF2-4256-A168-E02E71D89FBB}.Debug|ARM.ActiveCfg = Debug|x64
		{5ACA23EB-2EF2-4256-A168-E02E71D89FBB}.Debug|ARM64.ActiveCfg = Debug|x64
		{5ACA23EB-2EF2-4256-A168-E02E71D89FBB}.Debug|x64.ActiveCfg = Debug|x64
		{5ACA23EB-2EF2-4256-A168-E02E71D89FBB}.Debug|x64.Build.0 = Debug|x64
		{5ACA23EB-2EF2-4256-A168-E02E71D89FBB}.Debug|x86.ActiveCfg = Debug|x64
		{5ACA23EB-2EF2-4256-A168-E02E71D89FBB}.Release|Any CPU.ActiveCfg = Release|x64
		{5ACA23EB-2EF2-4256-A168-E02E71D89FBB}.Release|ARM.ActiveCfg = Release|x64
		{5ACA23EB-2EF2-4256-A168-E02E71D89FBB}.Release|ARM64.ActiveCfg = Release|x64
		{5ACA23EB-2EF2-4256-A168-E02E71D89FBB}.Release|x64.ActiveCfg = Release|x64
		{5ACA23EB-2EF2-4256-A168-E02E71D89FBB}.Release|x64.Build.0 = Release|x64
		{5ACA23EB-2EF2-4256-A168-E02E71D89FBB}.Release|x86.ActiveCfg = Release|x64
		{5ACA23EB-2EF2-4256-A168-E02E71D89FBB}.Debug|Any CPU.Build.0 = Debug|x64
		{3DCA295C-2BD4-43F4-925D-62AB7BAD1A7B}.Debug|Any CPU.ActiveCfg = Debug|x64
		{3DCA295C-2BD4-43F4-925D-62AB7BAD1A7B}.Debug|ARM.ActiveCfg = Debug|x64
		{3DCA295C-2BD4-43F4-925D-62AB7BAD1A7B}.Debug|ARM64.ActiveCfg = Debug|x64
		{3DCA295C-2BD4-43F4-925D-62AB7BAD1A7B}.Debug|x64.ActiveCfg = Debug|x64
		{3DCA295C-2BD4-43F4-925D-62AB7BAD1A7B}.Debug|x64.Build.0 = Debug|x64
		{3DCA295C-2BD4-43F4-925D-62AB7BAD1A7B}.Debug|x86.ActiveCfg = Debug|x64
		{3DCA295C-2BD4-43F4-925D-62AB7BAD1A7B}.Release|Any CPU.ActiveCfg = Release|x64
		{3DCA295C-2BD4-43F4-925D-62AB7BAD1A7B}.Release|ARM.ActiveCfg = Release|x64
		{3DCA295C-2BD4-43F4-925D-62AB7BAD1A7B}.Release|ARM64.ActiveCfg = Release|x64
		{3DCA295C-2BD4-43F4-925D-62AB7BAD1A7B}.Release|x64.ActiveCfg = Release|x64
		{3DCA295C-2BD4-43F4-925D-62AB7BAD1A7B}.Release|x64.Build.0 = Release|x64
		{3DCA295C-2BD4-43F4-925D-62AB7BAD1A7B}.Release|x86.ActiveCfg = Release|x64
		{FAAD2F0A-4948-47F6-B9B0-8824C5341738}.Debug|Any CPU.ActiveCfg = Debug|x64
		{FAAD2F0A-4948-47F6-B9B0-8824C5341738}.Debug|ARM.ActiveCfg = Debug|x64
		{FAAD2F0A-4948-47F6-B9B0-8824C5341738}.Debug|ARM64.ActiveCfg = Debug|x64
		{FAAD2F0A-4948-47F6-B9B0-8824C5341738}.Debug|x64.ActiveCfg = Debug|x64
		{FAAD2F0A-4948-47F6-B9B0-8824C5341738}.Debug|x64.Build.0 = Debug|x64
		{FAAD2F0A-4948-47F6-B9B0-8824C5341738}.Debug|x86.ActiveCfg = Debug|x64
		{FAAD2F0A-4948-47F6-B9B0-8824C5341738}.Release|Any CPU.ActiveCfg = Release|x64
		{FAAD2F0A-4948-47F6-B9B0-8824C5341738}.Release|ARM.ActiveCfg = Release|x64
		{FAAD2F0A-4948-47F6-B9B0-8824C5341738}.Release|ARM64.ActiveCfg = Release|x64
		{FAAD2F0A-4948-47F6-B9B0-8824C5341738}.Release|x64.ActiveCfg = Release|x64
		{FAAD2F0A-4948-47F6-B9B0-8824C5341738}.Release|x64.Build.0 = Release|x64
		{FAAD2F0A-4948-47F6-B9B0-8824C5341738}.Release|x86.ActiveCfg = Release|x64
		{3E53D5B9-C3BD-4D56-B228-1605664B35A4}.Debug|Any CPU.ActiveCfg = Debug|x64
		{3E53D5B9-C3BD-4D56-B228-1605664B35A4}.Debug|ARM.ActiveCfg = Debug|x64
		{3E53D5B9-C3BD-4D56-B228-1605664B35A4}.Debug|ARM.Build.0 = Debug|x64
		{3E53D5B9-C3BD-4D56-B228-1605664B35A4}.Debug|ARM64.ActiveCfg = Debug|x64
		{3E53D5B9-C3BD-4D56-B228-1605664B35A4}.Debug|ARM64.Build.0 = Debug|x64
		{3E53D5B9-C3BD-4D56-B228-1605664B35A4}.Debug|x64.ActiveCfg = Debug|x64
		{3E53D5B9-C3BD-4D56-B228-1605664B35A4}.Debug|x64.Build.0 = Debug|x64
		{3E53D5B9-C3BD-4D56-B228-1605664B35A4}.Debug|x86.ActiveCfg = Debug|x64
		{3E53D5B9-C3BD-4D56-B228-1605664B35A4}.Release|Any CPU.ActiveCfg = Release|x64
		{3E53D5B9-C3BD-4D56-B228-1605664B35A4}.Release|ARM.ActiveCfg = Release|x64
		{3E53D5B9-C3BD-4D56-B228-1605664B35A4}.Release|ARM.Build.0 = Release|x64
		{3E53D5B9-C3BD-4D56-B228-1605664B35A4}.Release|ARM64.ActiveCfg = Release|x64
		{3E53D5B9-C3BD-4D56-B228-1605664B35A4}.Release|ARM64.Build.0 = Release|x64
		{3E53D5B9-C3BD-4D56-B228-1605664B35A4}.Release|x64.ActiveCfg = Release|x64
		{3E53D5B9-C3BD-4D56-B228-1605664B35A4}.Release|x64.Build.0 = Release|x64
		{3E53D5B9-C3BD-4D56-B228-1605664B35A4}.Release|x86.ActiveCfg = Release|x64
		{28BBB9FE-94C5-4C89-AF07-C6D28ADA0C59}.Debug|Any CPU.ActiveCfg = Debug|x64
		{28BBB9FE-94C5-4C89-AF07-C6D28ADA0C59}.Debug|Any CPU.Build.0 = Debug|x64
		{28BBB9FE-94C5-4C89-AF07-C6D28ADA0C59}.Debug|ARM.ActiveCfg = Debug|x64
		{28BBB9FE-94C5-4C89-AF07-C6D28ADA0C59}.Debug|ARM.Build.0 = Debug|x64
		{28BBB9FE-94C5-4C89-AF07-C6D28ADA0C59}.Debug|ARM64.ActiveCfg = Debug|x64
		{28BBB9FE-94C5-4C89-AF07-C6D28ADA0C59}.Debug|ARM64.Build.0 = Debug|x64
		{28BBB9FE-94C5-4C89-AF07-C6D28ADA0C59}.Debug|x64.ActiveCfg = Debug|x64
		{28BBB9FE-94C5-4C89-AF07-C6D28ADA0C59}.Debug|x64.Build.0 = Debug|x64
		{28BBB9FE-94C5-4C89-AF07-C6D28ADA0C59}.Debug|x86.ActiveCfg = Debug|x64
		{28BBB9FE-94C5-4C89-AF07-C6D28ADA0C59}.Release|Any CPU.ActiveCfg = Release|x64
		{28BBB9FE-94C5-4C89-AF07-C6D28ADA0C59}.Release|Any CPU.Build.0 = Release|x64
		{28BBB9FE-94C5-4C89-AF07-C6D28ADA0C59}.Release|ARM.ActiveCfg = Release|x64
		{28BBB9FE-94C5-4C89-AF07-C6D28ADA0C59}.Release|ARM.Build.0 = Release|x64
		{28BBB9FE-94C5-4C89-AF07-C6D28ADA0C59}.Release|ARM64.ActiveCfg = Release|x64
		{28BBB9FE-94C5-4C89-AF07-C6D28ADA0C59}.Release|ARM64.Build.0 = Release|x64
		{28BBB9FE-94C5-4C89-AF07-C6D28ADA0C59}.Release|x64.ActiveCfg = Release|x64
		{28BBB9FE-94C5-4C89-AF07-C6D28ADA0C59}.Release|x64.Build.0 = Release|x64
		{28BBB9FE-94C5-4C89-AF07-C6D28ADA0C59}.Release|x86.ActiveCfg = Release|x64
		{2C8D51E2-3B55-4EBF-A6D9-9B824AB2D456}.Debug|Any CPU.ActiveCfg = Debug|x64
		{2C8D51E2-3B55-4EBF-A6D9-9B824AB2D456}.Debug|ARM.ActiveCfg = Debug|x64
		{2C8D51E2-3B55-4EBF-A6D9-9B824AB2D456}.Debug|ARM64.ActiveCfg = Debug|x64
		{2C8D51E2-3B55-4EBF-A6D9-9B824AB2D456}.Debug|x64.ActiveCfg = Debug|x64
		{2C8D51E2-3B55-4EBF-A6D9-9B824AB2D456}.Debug|x64.Build.0 = Debug|x64
		{2C8D51E2-3B55-4EBF-A6D9-9B824AB2D456}.Debug|x86.ActiveCfg = Debug|x64
		{2C8D51E2-3B55-4EBF-A6D9-9B824AB2D456}.Release|Any CPU.ActiveCfg = Release|x64
		{2C8D51E2-3B55-4EBF-A6D9-9B824AB2D456}.Release|ARM.ActiveCfg = Release|x64
		{2C8D51E2-3B55-4EBF-A6D9-9B824AB2D456}.Release|ARM64.ActiveCfg = Release|x64
		{2C8D51E2-3B55-4EBF-A6D9-9B824AB2D456}.Release|x64.ActiveCfg = Release|x64
		{2C8D51E2-3B55-4EBF-A6D9-9B824AB2D456}.Release|x64.Build.0 = Release|x64
		{2C8D51E2-3B55-4EBF-A6D9-9B824AB2D456}.Release|x86.ActiveCfg = Release|x64
		{120E00D7-701B-4141-BB63-CA42AAE395EF}.Debug|Any CPU.ActiveCfg = Debug|x64
		{120E00D7-701B-4141-BB63-CA42AAE395EF}.Debug|ARM.ActiveCfg = Debug|x64
		{120E00D7-701B-4141-BB63-CA42AAE395EF}.Debug|ARM64.ActiveCfg = Debug|x64
		{120E00D7-701B-4141-BB63-CA42AAE395EF}.Debug|x64.ActiveCfg = Debug|x64
		{120E00D7-701B-4141-BB63-CA42AAE395EF}.Debug|x64.Build.0 = Debug|x64
		{120E00D7-701B-4141-BB63-CA42AAE395EF}.Debug|x64.Deploy.0 = Debug|x64
		{120E00D7-701B-4141-BB63-CA42AAE395EF}.Debug|x86.ActiveCfg = Debug|x64
		{120E00D7-701B-4141-BB63-CA42AAE395EF}.Release|Any CPU.ActiveCfg = Release|x64
		{120E00D7-701B-4141-BB63-CA42AAE395EF}.Release|ARM.ActiveCfg = Release|x64
		{120E00D7-701B-4141-BB63-CA42AAE395EF}.Release|ARM64.ActiveCfg = Release|x64
		{120E00D7-701B-4141-BB63-CA42AAE395EF}.Release|x64.ActiveCfg = Release|x64
		{120E00D7-701B-4141-BB63-CA42AAE395EF}.Release|x64.Build.0 = Release|x64
		{120E00D7-701B-4141-BB63-CA42AAE395EF}.Release|x64.Deploy.0 = Release|x64
		{120E00D7-701B-4141-BB63-CA42AAE395EF}.Release|x86.ActiveCfg = Release|x64
	EndGlobalSection
	GlobalSection(SolutionProperties) = preSolution
		HideSolutionNode = FALSE
	EndGlobalSection
	GlobalSection(ExtensibilityGlobals) = postSolution
		SolutionGuid = {3E9BFC04-84A9-4B21-9651-680E0D3D4979}
	EndGlobalSection
EndGlobal
