
Microsoft Visual Studio Solution File, Format Version 12.00
# Visual Studio Version 16
VisualStudioVersion = 16.0.30011.22
MinimumVisualStudioVersion = 10.0.40219.1
Project("{FAE04EC0-301F-11D3-BF4B-00C04F79EFBC}") = "TcNo-Account-Switcher", "TcNo-Account-Switcher\TcNo-Account-Switcher.csproj", "{9E552620-1405-4A80-927B-B6673D9E01A5}"
EndProject
Global
	GlobalSection(SolutionConfigurationPlatforms) = preSolution
		Debug|Any CPU = Debug|Any CPU
		Release|Any CPU = Release|Any CPU
	EndGlobalSection
	GlobalSection(ProjectConfigurationPlatforms) = postSolution
		{9E552620-1405-4A80-927B-B6673D9E01A5}.Debug|Any CPU.ActiveCfg = Debug|Any CPU
		{9E552620-1405-4A80-927B-B6673D9E01A5}.Debug|Any CPU.Build.0 = Debug|Any CPU
		{9E552620-1405-4A80-927B-B6673D9E01A5}.Release|Any CPU.ActiveCfg = Release|Any CPU
		{9E552620-1405-4A80-927B-B6673D9E01A5}.Release|Any CPU.Build.0 = Release|Any CPU
	EndGlobalSection
	GlobalSection(SolutionProperties) = preSolution
		HideSolutionNode = FALSE
	EndGlobalSection
	GlobalSection(ExtensibilityGlobals) = postSolution
		SolutionGuid = {CD52DB5F-578C-455B-9202-87B47803F1F4}
	EndGlobalSection
EndGlobal
