{
  "requires": true,
  "lockfileVersion": 1,
  "dependencies": {
    "stylelint-config-recommended": {
      "version": "5.0.0",
      "resolved": "https://registry.npmjs.org/stylelint-config-recommended/-/stylelint-config-recommended-5.0.0.tgz",
      "integrity": "sha512-c8aubuARSu5A3vEHLBeOSJt1udOdS+1iue7BmJDTSXoCBmfEQmmWX+59vYIj3NQdJBY6a/QRv1ozVFpaB9jaqA==",
      "dev": true
    },
    "stylelint-config-standard": {
      "version": "22.0.0",
      "resolved": "https://registry.npmjs.org/stylelint-config-standard/-/stylelint-config-standard-22.0.0.tgz",
      "integrity": "sha512-uQVNi87SHjqTm8+4NIP5NMAyY/arXrBgimaaT7skvRfE9u3JKXRK9KBkbr4pVmeciuCcs64kAdjlxfq6Rur7Hw==",
      "dev": true,
      "requires": {
        "stylelint-config-recommended": "^5.0.0"
      }
    }
  }
}
