
Microsoft Visual Studio Solution File, Format Version 12.00
# Visual Studio Version 16
VisualStudioVersion = 16.0.30320.27
MinimumVisualStudioVersion = 10.0.40219.1
Project("{9A19103F-16F7-4668-BE54-9A1E7A4F7556}") = "TcNo-Acc-Switcher-Server", "TcNo-Acc-Switcher-Server.csproj", "{A67C2154-281B-4F33-85AE-67F2F8E3F174}"
EndProject
Global
	GlobalSection(SolutionConfigurationPlatforms) = preSolution
		Debug|Any CPU = Debug|Any CPU
		Debug|x64 = Debug|x64
		Debug|x86 = Debug|x86
		Release|Any CPU = Release|Any CPU
		Release|x64 = Release|x64
		Release|x86 = Release|x86
	EndGlobalSection
	GlobalSection(ProjectConfigurationPlatforms) = postSolution
		{A67C2154-281B-4F33-85AE-67F2F8E3F174}.Debug|Any CPU.ActiveCfg = Debug|Any CPU
		{A67C2154-281B-4F33-85AE-67F2F8E3F174}.Debug|Any CPU.Build.0 = Debug|Any CPU
		{A67C2154-281B-4F33-85AE-67F2F8E3F174}.Debug|x64.ActiveCfg = Debug|Any CPU
		{A67C2154-281B-4F33-85AE-67F2F8E3F174}.Debug|x64.Build.0 = Debug|Any CPU
		{A67C2154-281B-4F33-85AE-67F2F8E3F174}.Debug|x86.ActiveCfg = Debug|Any CPU
		{A67C2154-281B-4F33-85AE-67F2F8E3F174}.Debug|x86.Build.0 = Debug|Any CPU
		{A67C2154-281B-4F33-85AE-67F2F8E3F174}.Release|Any CPU.ActiveCfg = Release|Any CPU
		{A67C2154-281B-4F33-85AE-67F2F8E3F174}.Release|Any CPU.Build.0 = Release|Any CPU
		{A67C2154-281B-4F33-85AE-67F2F8E3F174}.Release|x64.ActiveCfg = Release|Any CPU
		{A67C2154-281B-4F33-85AE-67F2F8E3F174}.Release|x64.Build.0 = Release|Any CPU
		{A67C2154-281B-4F33-85AE-67F2F8E3F174}.Release|x86.ActiveCfg = Release|Any CPU
		{A67C2154-281B-4F33-85AE-67F2F8E3F174}.Release|x86.Build.0 = Release|Any CPU
	EndGlobalSection
	GlobalSection(SolutionProperties) = preSolution
		HideSolutionNode = FALSE
	EndGlobalSection
	GlobalSection(ExtensibilityGlobals) = postSolution
		SolutionGuid = {AD46E274-83AD-413A-A6BE-7C402621E941}
	EndGlobalSection
EndGlobal
