
Microsoft Visual Studio Solution File, Format Version 12.00
# Visual Studio Version 16
VisualStudioVersion = 16.0.29519.87
MinimumVisualStudioVersion = 10.0.40219.1
Project("{FAE04EC0-301F-11D3-BF4B-00C04F79EFBC}") = "Origin-test", "Origin-test\Origin-test.csproj", "{A447E0AC-EC3D-46B1-94C9-3952F2BE35AD}"
EndProject
Project("{FAE04EC0-301F-11D3-BF4B-00C04F79EFBC}") = "TcNo-Acc-Switcher_Steam", "TcNo-Acc-Switcher_Steam\TcNo-Acc-Switcher_Steam.csproj", "{8C8DF527-C73D-4E22-9A7F-971566A820AD}"
EndProject
Project("{FAE04EC0-301F-11D3-BF4B-00C04F79EFBC}") = "TcNo-Acc-Switcher", "TcNo-Acc-Switcher\TcNo-Acc-Switcher.csproj", "{F92278BA-A3FA-416B-A1DB-C4CC7F23819D}"
EndProject
Project("{FAE04EC0-301F-11D3-BF4B-00C04F79EFBC}") = "TcNo-Acc-Switcher_SteamTray", "TcNo-Acc-Switcher_SteamTray\TcNo-Acc-Switcher_SteamTray.csproj", "{3E2C7D40-5691-4BD7-9B9A-DDAC90C2FC1D}"
EndProject
Project("{FAE04EC0-301F-11D3-BF4B-00C04F79EFBC}") = "TcNo-Acc-Switcher-Updater", "TcNo-Acc-Switcher-Updater\TcNo-Acc-Switcher-Updater.csproj", "{DA483AE1-58D6-4436-A8F6-4CCCA46E5830}"
EndProject
Global
	GlobalSection(SolutionConfigurationPlatforms) = preSolution
		Debug|Any CPU = Debug|Any CPU
		Debug|x64 = Debug|x64
		Debug|x86 = Debug|x86
		Release|Any CPU = Release|Any CPU
		Release|x64 = Release|x64
		Release|x86 = Release|x86
	EndGlobalSection
	GlobalSection(ProjectConfigurationPlatforms) = postSolution
		{A447E0AC-EC3D-46B1-94C9-3952F2BE35AD}.Debug|Any CPU.ActiveCfg = Debug|Any CPU
		{A447E0AC-EC3D-46B1-94C9-3952F2BE35AD}.Debug|Any CPU.Build.0 = Debug|Any CPU
		{A447E0AC-EC3D-46B1-94C9-3952F2BE35AD}.Debug|x64.ActiveCfg = Debug|Any CPU
		{A447E0AC-EC3D-46B1-94C9-3952F2BE35AD}.Debug|x64.Build.0 = Debug|Any CPU
		{A447E0AC-EC3D-46B1-94C9-3952F2BE35AD}.Debug|x86.ActiveCfg = Debug|Any CPU
		{A447E0AC-EC3D-46B1-94C9-3952F2BE35AD}.Debug|x86.Build.0 = Debug|Any CPU
		{A447E0AC-EC3D-46B1-94C9-3952F2BE35AD}.Release|Any CPU.ActiveCfg = Release|Any CPU
		{A447E0AC-EC3D-46B1-94C9-3952F2BE35AD}.Release|Any CPU.Build.0 = Release|Any CPU
		{A447E0AC-EC3D-46B1-94C9-3952F2BE35AD}.Release|x64.ActiveCfg = Release|Any CPU
		{A447E0AC-EC3D-46B1-94C9-3952F2BE35AD}.Release|x64.Build.0 = Release|Any CPU
		{A447E0AC-EC3D-46B1-94C9-3952F2BE35AD}.Release|x86.ActiveCfg = Release|Any CPU
		{A447E0AC-EC3D-46B1-94C9-3952F2BE35AD}.Release|x86.Build.0 = Release|Any CPU
		{8C8DF527-C73D-4E22-9A7F-971566A820AD}.Debug|Any CPU.ActiveCfg = Debug|Any CPU
		{8C8DF527-C73D-4E22-9A7F-971566A820AD}.Debug|Any CPU.Build.0 = Debug|Any CPU
		{8C8DF527-C73D-4E22-9A7F-971566A820AD}.Debug|x64.ActiveCfg = Debug|x64
		{8C8DF527-C73D-4E22-9A7F-971566A820AD}.Debug|x64.Build.0 = Debug|x64
		{8C8DF527-C73D-4E22-9A7F-971566A820AD}.Debug|x86.ActiveCfg = Debug|x86
		{8C8DF527-C73D-4E22-9A7F-971566A820AD}.Debug|x86.Build.0 = Debug|x86
		{8C8DF527-C73D-4E22-9A7F-971566A820AD}.Release|Any CPU.ActiveCfg = Release|Any CPU
		{8C8DF527-C73D-4E22-9A7F-971566A820AD}.Release|Any CPU.Build.0 = Release|Any CPU
		{8C8DF527-C73D-4E22-9A7F-971566A820AD}.Release|x64.ActiveCfg = Release|x64
		{8C8DF527-C73D-4E22-9A7F-971566A820AD}.Release|x64.Build.0 = Release|x64
		{8C8DF527-C73D-4E22-9A7F-971566A820AD}.Release|x86.ActiveCfg = Release|x86
		{8C8DF527-C73D-4E22-9A7F-971566A820AD}.Release|x86.Build.0 = Release|x86
		{F92278BA-A3FA-416B-A1DB-C4CC7F23819D}.Debug|Any CPU.ActiveCfg = Debug|Any CPU
		{F92278BA-A3FA-416B-A1DB-C4CC7F23819D}.Debug|Any CPU.Build.0 = Debug|Any CPU
		{F92278BA-A3FA-416B-A1DB-C4CC7F23819D}.Debug|x64.ActiveCfg = Debug|x64
		{F92278BA-A3FA-416B-A1DB-C4CC7F23819D}.Debug|x64.Build.0 = Debug|x64
		{F92278BA-A3FA-416B-A1DB-C4CC7F23819D}.Debug|x86.ActiveCfg = Debug|x86
		{F92278BA-A3FA-416B-A1DB-C4CC7F23819D}.Debug|x86.Build.0 = Debug|x86
		{F92278BA-A3FA-416B-A1DB-C4CC7F23819D}.Release|Any CPU.ActiveCfg = Release|Any CPU
		{F92278BA-A3FA-416B-A1DB-C4CC7F23819D}.Release|Any CPU.Build.0 = Release|Any CPU
		{F92278BA-A3FA-416B-A1DB-C4CC7F23819D}.Release|x64.ActiveCfg = Release|x64
		{F92278BA-A3FA-416B-A1DB-C4CC7F23819D}.Release|x64.Build.0 = Release|x64
		{F92278BA-A3FA-416B-A1DB-C4CC7F23819D}.Release|x86.ActiveCfg = Release|x86
		{F92278BA-A3FA-416B-A1DB-C4CC7F23819D}.Release|x86.Build.0 = Release|x86
		{3E2C7D40-5691-4BD7-9B9A-DDAC90C2FC1D}.Debug|Any CPU.ActiveCfg = Debug|Any CPU
		{3E2C7D40-5691-4BD7-9B9A-DDAC90C2FC1D}.Debug|Any CPU.Build.0 = Debug|Any CPU
		{3E2C7D40-5691-4BD7-9B9A-DDAC90C2FC1D}.Debug|x64.ActiveCfg = Debug|x64
		{3E2C7D40-5691-4BD7-9B9A-DDAC90C2FC1D}.Debug|x64.Build.0 = Debug|x64
		{3E2C7D40-5691-4BD7-9B9A-DDAC90C2FC1D}.Debug|x86.ActiveCfg = Debug|x86
		{3E2C7D40-5691-4BD7-9B9A-DDAC90C2FC1D}.Debug|x86.Build.0 = Debug|x86
		{3E2C7D40-5691-4BD7-9B9A-DDAC90C2FC1D}.Release|Any CPU.ActiveCfg = Release|Any CPU
		{3E2C7D40-5691-4BD7-9B9A-DDAC90C2FC1D}.Release|Any CPU.Build.0 = Release|Any CPU
		{3E2C7D40-5691-4BD7-9B9A-DDAC90C2FC1D}.Release|x64.ActiveCfg = Release|x64
		{3E2C7D40-5691-4BD7-9B9A-DDAC90C2FC1D}.Release|x64.Build.0 = Release|x64
		{3E2C7D40-5691-4BD7-9B9A-DDAC90C2FC1D}.Release|x86.ActiveCfg = Release|x86
		{3E2C7D40-5691-4BD7-9B9A-DDAC90C2FC1D}.Release|x86.Build.0 = Release|x86
		{DA483AE1-58D6-4436-A8F6-4CCCA46E5830}.Debug|Any CPU.ActiveCfg = Debug|Any CPU
		{DA483AE1-58D6-4436-A8F6-4CCCA46E5830}.Debug|Any CPU.Build.0 = Debug|Any CPU
		{DA483AE1-58D6-4436-A8F6-4CCCA46E5830}.Debug|x64.ActiveCfg = Debug|x64
		{DA483AE1-58D6-4436-A8F6-4CCCA46E5830}.Debug|x64.Build.0 = Debug|x64
		{DA483AE1-58D6-4436-A8F6-4CCCA46E5830}.Debug|x86.ActiveCfg = Debug|x86
		{DA483AE1-58D6-4436-A8F6-4CCCA46E5830}.Debug|x86.Build.0 = Debug|x86
		{DA483AE1-58D6-4436-A8F6-4CCCA46E5830}.Release|Any CPU.ActiveCfg = Release|Any CPU
		{DA483AE1-58D6-4436-A8F6-4CCCA46E5830}.Release|Any CPU.Build.0 = Release|Any CPU
		{DA483AE1-58D6-4436-A8F6-4CCCA46E5830}.Release|x64.ActiveCfg = Release|x64
		{DA483AE1-58D6-4436-A8F6-4CCCA46E5830}.Release|x64.Build.0 = Release|x64
		{DA483AE1-58D6-4436-A8F6-4CCCA46E5830}.Release|x86.ActiveCfg = Release|x86
		{DA483AE1-58D6-4436-A8F6-4CCCA46E5830}.Release|x86.Build.0 = Release|x86
	EndGlobalSection
	GlobalSection(SolutionProperties) = preSolution
		HideSolutionNode = FALSE
	EndGlobalSection
	GlobalSection(ExtensibilityGlobals) = postSolution
		SolutionGuid = {DE984FCE-0016-4B3A-8B22-E1E2A652A852}
	EndGlobalSection
EndGlobal
